
Microsoft Visual Studio Solution File, Format Version 12.00
# Visual Studio 14
VisualStudioVersion = 14.0.25420.1
MinimumVisualStudioVersion = 10.0.40219.1
Project("{FAE04EC0-301F-11D3-BF4B-00C04F79EFBC}") = "UniversityIot.VitoControlApi", "Source\UniversityIot.VitoControlApi\UniversityIot.VitoControlApi.csproj", "{7BB10CC4-C5C0-4863-8909-9E79079164E8}"
EndProject
Project("{2150E333-8FDC-42A3-9474-1A3956D46DE8}") = "Tests", "Tests", "{857CC5BA-9A35-4E4F-BC84-FC724081B820}"
EndProject
Project("{FAE04EC0-301F-11D3-BF4B-00C04F79EFBC}") = "UniversityIot.VitoControlApi.Tests", "Source\UniversityIot.VitoControlApi.Tests\UniversityIot.VitoControlApi.Tests.csproj", "{DA23C6D3-2615-4822-AB8A-79523799DF15}"
EndProject
Project("{FAE04EC0-301F-11D3-BF4B-00C04F79EFBC}") = "UniversityIot.UsersService", "Source\UniversityIot.UsersService\UniversityIot.UsersService.csproj", "{2334E836-1F38-4B9B-B047-2C5BE4E72370}"
EndProject
Project("{FAE04EC0-301F-11D3-BF4B-00C04F79EFBC}") = "UniversityIot.GatewaysService", "Source\UniversityIot.GatewaysService\UniversityIot.GatewaysService.csproj", "{E72F9E4D-D0EB-42B9-9803-632C45B51B03}"
EndProject
Project("{FAE04EC0-301F-11D3-BF4B-00C04F79EFBC}") = "UniversityIot.UsersService.Tests", "Source\UniversityIot.UsersService.Tests\UniversityIot.UsersService.Tests.csproj", "{10A2CBE1-EA8C-4A49-98F6-9843CBE94725}"
EndProject
Project("{FAE04EC0-301F-11D3-BF4B-00C04F79EFBC}") = "UniversityIot.GatewaysService.Tests", "Source\UniversityIot.GatewaysService.Tests\UniversityIot.GatewaysService.Tests.csproj", "{CEB7F576-B2EB-48DE-B7A5-2922FE7D3DEA}"
EndProject
Project("{FAE04EC0-301F-11D3-BF4B-00C04F79EFBC}") = "UniversityIot.ConfigFiles", "Source\UniversityIot.ConfigFiles\UniversityIot.ConfigFiles.csproj", "{651F3B74-5341-46E8-9D85-6F14FC23619C}"
EndProject
Project("{FAE04EC0-301F-11D3-BF4B-00C04F79EFBC}") = "UniversityIot.Configuration", "Source\UniversityIot.Configuration\UniversityIot.Configuration.csproj", "{10D1B876-CE0F-428B-97ED-0BCA80BF97FC}"
EndProject
Project("{FAE04EC0-301F-11D3-BF4B-00C04F79EFBC}") = "UniversityIot.Extensions", "Source\UniversityIot.Extensions\UniversityIot.Extensions.csproj", "{9ED8A37C-F8D9-45F4-9D53-AF83358E802D}"
EndProject
Project("{FAE04EC0-301F-11D3-BF4B-00C04F79EFBC}") = "UniversityIot.GatewaysDataService", "Source\UniversityIot.GatewaysDataService\UniversityIot.GatewaysDataService.csproj", "{47327331-667D-4937-874A-23D7D3FD7512}"
EndProject
Project("{FAE04EC0-301F-11D3-BF4B-00C04F79EFBC}") = "UniversityIot.UsersDataService", "Source\UniversityIot.UsersDataService\UniversityIot.UsersDataService.csproj", "{93379F4E-B43F-4FAF-9E37-3CBC40B029BF}"
EndProject
Project("{FAE04EC0-301F-11D3-BF4B-00C04F79EFBC}") = "UniversityIot.UsersDataService.Tests", "Source\UniversityIot.UsersDataService.Tests\UniversityIot.UsersDataService.Tests.csproj", "{F8024FCD-9FAE-431A-A965-481C7EC838C1}"
EndProject
Project("{FAE04EC0-301F-11D3-BF4B-00C04F79EFBC}") = "UniversityIot.GatewaysDataService.Tests", "Source\UniversityIot.GatewaysDataService.Tests\UniversityIot.GatewaysDataService.Tests.csproj", "{8026CD9F-D2A2-44F8-94F0-5F18C98008BE}"
EndProject
Project("{FAE04EC0-301F-11D3-BF4B-00C04F79EFBC}") = "UniversityIot.UsersDataAccess", "Source\UniversityIot.UsersDataAccess\UniversityIot.UsersDataAccess.csproj", "{F1EA76AB-536B-4EB1-ABBE-851D1FFDD582}"
EndProject
Project("{FAE04EC0-301F-11D3-BF4B-00C04F79EFBC}") = "UniversityIot.GatewaysDataAccess", "Source\UniversityIot.GatewaysDataAccess\UniversityIot.GatewaysDataAccess.csproj", "{22CB9CDB-5C3C-4070-B490-C86D854CA07F}"
EndProject
Project("{FAE04EC0-301F-11D3-BF4B-00C04F79EFBC}") = "UniversityIot.Messages", "UniversityIot.Messages\UniversityIot.Messages.csproj", "{A83C0D44-AE75-422D-AB45-431FC6C350B6}"
EndProject
Project("{FAE04EC0-301F-11D3-BF4B-00C04F79EFBC}") = "UniversityIot.Tests.Common", "Source\UniversityIot.Tests.Common\UniversityIot.Tests.Common.csproj", "{0C4D29E1-0CEE-44A8-8406-E5F5FFFBEFD1}"
EndProject
Project("{FAE04EC0-301F-11D3-BF4B-00C04F79EFBC}") = "UniversityIot.Components", "Source\UniversityIot.Components\UniversityIot.Components.csproj", "{1DBB3426-1DAF-4D59-A8A3-91A7140672B5}"
EndProject
Project("{FAE04EC0-301F-11D3-BF4B-00C04F79EFBC}") = "UniversityIot.Components.Tests", "Source\UniversityIot.Components.Tests\UniversityIot.Components.Tests.csproj", "{D003A920-BEAF-4592-A70F-A80337AFA6A9}"
EndProject
Project("{FAE04EC0-301F-11D3-BF4B-00C04F79EFBC}") = "UniversityIot.Enums", "Source\UniversityIot.Enums\UniversityIot.Enums.csproj", "{82AA9BFC-B58E-49CA-9416-8296073E96EB}"
EndProject
Project("{FAE04EC0-301F-11D3-BF4B-00C04F79EFBC}") = "UniversityIot.KolibriService", "UniversityIot.KolibriService\UniversityIot.KolibriService.csproj", "{D0A51EB6-4DF2-4718-9B6F-F22F15519B75}"
EndProject
Global
	GlobalSection(SolutionConfigurationPlatforms) = preSolution
		Debug|Any CPU = Debug|Any CPU
		Production|Any CPU = Production|Any CPU
		Release|Any CPU = Release|Any CPU
		Staging|Any CPU = Staging|Any CPU
	EndGlobalSection
	GlobalSection(ProjectConfigurationPlatforms) = postSolution
		{7BB10CC4-C5C0-4863-8909-9E79079164E8}.Debug|Any CPU.ActiveCfg = Debug|Any CPU
		{7BB10CC4-C5C0-4863-8909-9E79079164E8}.Debug|Any CPU.Build.0 = Debug|Any CPU
		{7BB10CC4-C5C0-4863-8909-9E79079164E8}.Production|Any CPU.ActiveCfg = Production|Any CPU
		{7BB10CC4-C5C0-4863-8909-9E79079164E8}.Production|Any CPU.Build.0 = Production|Any CPU
		{7BB10CC4-C5C0-4863-8909-9E79079164E8}.Release|Any CPU.ActiveCfg = Release|Any CPU
		{7BB10CC4-C5C0-4863-8909-9E79079164E8}.Release|Any CPU.Build.0 = Release|Any CPU
		{7BB10CC4-C5C0-4863-8909-9E79079164E8}.Staging|Any CPU.ActiveCfg = Staging|Any CPU
		{7BB10CC4-C5C0-4863-8909-9E79079164E8}.Staging|Any CPU.Build.0 = Staging|Any CPU
		{DA23C6D3-2615-4822-AB8A-79523799DF15}.Debug|Any CPU.ActiveCfg = Debug|Any CPU
		{DA23C6D3-2615-4822-AB8A-79523799DF15}.Debug|Any CPU.Build.0 = Debug|Any CPU
		{DA23C6D3-2615-4822-AB8A-79523799DF15}.Production|Any CPU.ActiveCfg = Production|Any CPU
		{DA23C6D3-2615-4822-AB8A-79523799DF15}.Production|Any CPU.Build.0 = Production|Any CPU
		{DA23C6D3-2615-4822-AB8A-79523799DF15}.Release|Any CPU.ActiveCfg = Release|Any CPU
		{DA23C6D3-2615-4822-AB8A-79523799DF15}.Release|Any CPU.Build.0 = Release|Any CPU
		{DA23C6D3-2615-4822-AB8A-79523799DF15}.Staging|Any CPU.ActiveCfg = Staging|Any CPU
		{DA23C6D3-2615-4822-AB8A-79523799DF15}.Staging|Any CPU.Build.0 = Staging|Any CPU
		{2334E836-1F38-4B9B-B047-2C5BE4E72370}.Debug|Any CPU.ActiveCfg = Debug|Any CPU
		{2334E836-1F38-4B9B-B047-2C5BE4E72370}.Debug|Any CPU.Build.0 = Debug|Any CPU
		{2334E836-1F38-4B9B-B047-2C5BE4E72370}.Production|Any CPU.ActiveCfg = Production|Any CPU
		{2334E836-1F38-4B9B-B047-2C5BE4E72370}.Production|Any CPU.Build.0 = Production|Any CPU
		{2334E836-1F38-4B9B-B047-2C5BE4E72370}.Release|Any CPU.ActiveCfg = Release|Any CPU
		{2334E836-1F38-4B9B-B047-2C5BE4E72370}.Release|Any CPU.Build.0 = Release|Any CPU
		{2334E836-1F38-4B9B-B047-2C5BE4E72370}.Staging|Any CPU.ActiveCfg = Staging|Any CPU
		{2334E836-1F38-4B9B-B047-2C5BE4E72370}.Staging|Any CPU.Build.0 = Staging|Any CPU
		{E72F9E4D-D0EB-42B9-9803-632C45B51B03}.Debug|Any CPU.ActiveCfg = Debug|Any CPU
		{E72F9E4D-D0EB-42B9-9803-632C45B51B03}.Debug|Any CPU.Build.0 = Debug|Any CPU
		{E72F9E4D-D0EB-42B9-9803-632C45B51B03}.Production|Any CPU.ActiveCfg = Production|Any CPU
		{E72F9E4D-D0EB-42B9-9803-632C45B51B03}.Production|Any CPU.Build.0 = Production|Any CPU
		{E72F9E4D-D0EB-42B9-9803-632C45B51B03}.Release|Any CPU.ActiveCfg = Release|Any CPU
		{E72F9E4D-D0EB-42B9-9803-632C45B51B03}.Release|Any CPU.Build.0 = Release|Any CPU
		{E72F9E4D-D0EB-42B9-9803-632C45B51B03}.Staging|Any CPU.ActiveCfg = Staging|Any CPU
		{E72F9E4D-D0EB-42B9-9803-632C45B51B03}.Staging|Any CPU.Build.0 = Staging|Any CPU
		{10A2CBE1-EA8C-4A49-98F6-9843CBE94725}.Debug|Any CPU.ActiveCfg = Debug|Any CPU
		{10A2CBE1-EA8C-4A49-98F6-9843CBE94725}.Debug|Any CPU.Build.0 = Debug|Any CPU
		{10A2CBE1-EA8C-4A49-98F6-9843CBE94725}.Production|Any CPU.ActiveCfg = Production|Any CPU
		{10A2CBE1-EA8C-4A49-98F6-9843CBE94725}.Production|Any CPU.Build.0 = Production|Any CPU
		{10A2CBE1-EA8C-4A49-98F6-9843CBE94725}.Release|Any CPU.ActiveCfg = Release|Any CPU
		{10A2CBE1-EA8C-4A49-98F6-9843CBE94725}.Release|Any CPU.Build.0 = Release|Any CPU
		{10A2CBE1-EA8C-4A49-98F6-9843CBE94725}.Staging|Any CPU.ActiveCfg = Staging|Any CPU
		{10A2CBE1-EA8C-4A49-98F6-9843CBE94725}.Staging|Any CPU.Build.0 = Staging|Any CPU
		{CEB7F576-B2EB-48DE-B7A5-2922FE7D3DEA}.Debug|Any CPU.ActiveCfg = Debug|Any CPU
		{CEB7F576-B2EB-48DE-B7A5-2922FE7D3DEA}.Debug|Any CPU.Build.0 = Debug|Any CPU
		{CEB7F576-B2EB-48DE-B7A5-2922FE7D3DEA}.Production|Any CPU.ActiveCfg = Production|Any CPU
		{CEB7F576-B2EB-48DE-B7A5-2922FE7D3DEA}.Production|Any CPU.Build.0 = Production|Any CPU
		{CEB7F576-B2EB-48DE-B7A5-2922FE7D3DEA}.Release|Any CPU.ActiveCfg = Release|Any CPU
		{CEB7F576-B2EB-48DE-B7A5-2922FE7D3DEA}.Release|Any CPU.Build.0 = Release|Any CPU
		{CEB7F576-B2EB-48DE-B7A5-2922FE7D3DEA}.Staging|Any CPU.ActiveCfg = Staging|Any CPU
		{CEB7F576-B2EB-48DE-B7A5-2922FE7D3DEA}.Staging|Any CPU.Build.0 = Staging|Any CPU
		{651F3B74-5341-46E8-9D85-6F14FC23619C}.Debug|Any CPU.ActiveCfg = Debug|Any CPU
		{651F3B74-5341-46E8-9D85-6F14FC23619C}.Debug|Any CPU.Build.0 = Debug|Any CPU
		{651F3B74-5341-46E8-9D85-6F14FC23619C}.Production|Any CPU.ActiveCfg = Production|Any CPU
		{651F3B74-5341-46E8-9D85-6F14FC23619C}.Production|Any CPU.Build.0 = Production|Any CPU
		{651F3B74-5341-46E8-9D85-6F14FC23619C}.Release|Any CPU.ActiveCfg = Release|Any CPU
		{651F3B74-5341-46E8-9D85-6F14FC23619C}.Release|Any CPU.Build.0 = Release|Any CPU
		{651F3B74-5341-46E8-9D85-6F14FC23619C}.Staging|Any CPU.ActiveCfg = Staging|Any CPU
		{651F3B74-5341-46E8-9D85-6F14FC23619C}.Staging|Any CPU.Build.0 = Staging|Any CPU
		{10D1B876-CE0F-428B-97ED-0BCA80BF97FC}.Debug|Any CPU.ActiveCfg = Debug|Any CPU
		{10D1B876-CE0F-428B-97ED-0BCA80BF97FC}.Debug|Any CPU.Build.0 = Debug|Any CPU
		{10D1B876-CE0F-428B-97ED-0BCA80BF97FC}.Production|Any CPU.ActiveCfg = Production|Any CPU
		{10D1B876-CE0F-428B-97ED-0BCA80BF97FC}.Production|Any CPU.Build.0 = Production|Any CPU
		{10D1B876-CE0F-428B-97ED-0BCA80BF97FC}.Release|Any CPU.ActiveCfg = Release|Any CPU
		{10D1B876-CE0F-428B-97ED-0BCA80BF97FC}.Release|Any CPU.Build.0 = Release|Any CPU
		{10D1B876-CE0F-428B-97ED-0BCA80BF97FC}.Staging|Any CPU.ActiveCfg = Staging|Any CPU
		{10D1B876-CE0F-428B-97ED-0BCA80BF97FC}.Staging|Any CPU.Build.0 = Staging|Any CPU
		{9ED8A37C-F8D9-45F4-9D53-AF83358E802D}.Debug|Any CPU.ActiveCfg = Debug|Any CPU
		{9ED8A37C-F8D9-45F4-9D53-AF83358E802D}.Debug|Any CPU.Build.0 = Debug|Any CPU
		{9ED8A37C-F8D9-45F4-9D53-AF83358E802D}.Production|Any CPU.ActiveCfg = Production|Any CPU
		{9ED8A37C-F8D9-45F4-9D53-AF83358E802D}.Production|Any CPU.Build.0 = Production|Any CPU
		{9ED8A37C-F8D9-45F4-9D53-AF83358E802D}.Release|Any CPU.ActiveCfg = Release|Any CPU
		{9ED8A37C-F8D9-45F4-9D53-AF83358E802D}.Release|Any CPU.Build.0 = Release|Any CPU
		{9ED8A37C-F8D9-45F4-9D53-AF83358E802D}.Staging|Any CPU.ActiveCfg = Staging|Any CPU
		{9ED8A37C-F8D9-45F4-9D53-AF83358E802D}.Staging|Any CPU.Build.0 = Staging|Any CPU
		{47327331-667D-4937-874A-23D7D3FD7512}.Debug|Any CPU.ActiveCfg = Debug|Any CPU
		{47327331-667D-4937-874A-23D7D3FD7512}.Debug|Any CPU.Build.0 = Debug|Any CPU
		{47327331-667D-4937-874A-23D7D3FD7512}.Production|Any CPU.ActiveCfg = Release|Any CPU
		{47327331-667D-4937-874A-23D7D3FD7512}.Production|Any CPU.Build.0 = Release|Any CPU
		{47327331-667D-4937-874A-23D7D3FD7512}.Release|Any CPU.ActiveCfg = Release|Any CPU
		{47327331-667D-4937-874A-23D7D3FD7512}.Release|Any CPU.Build.0 = Release|Any CPU
		{47327331-667D-4937-874A-23D7D3FD7512}.Staging|Any CPU.ActiveCfg = Release|Any CPU
		{47327331-667D-4937-874A-23D7D3FD7512}.Staging|Any CPU.Build.0 = Release|Any CPU
		{93379F4E-B43F-4FAF-9E37-3CBC40B029BF}.Debug|Any CPU.ActiveCfg = Debug|Any CPU
		{93379F4E-B43F-4FAF-9E37-3CBC40B029BF}.Debug|Any CPU.Build.0 = Debug|Any CPU
		{93379F4E-B43F-4FAF-9E37-3CBC40B029BF}.Production|Any CPU.ActiveCfg = Release|Any CPU
		{93379F4E-B43F-4FAF-9E37-3CBC40B029BF}.Production|Any CPU.Build.0 = Release|Any CPU
		{93379F4E-B43F-4FAF-9E37-3CBC40B029BF}.Release|Any CPU.ActiveCfg = Release|Any CPU
		{93379F4E-B43F-4FAF-9E37-3CBC40B029BF}.Release|Any CPU.Build.0 = Release|Any CPU
		{93379F4E-B43F-4FAF-9E37-3CBC40B029BF}.Staging|Any CPU.ActiveCfg = Release|Any CPU
		{93379F4E-B43F-4FAF-9E37-3CBC40B029BF}.Staging|Any CPU.Build.0 = Release|Any CPU
		{F8024FCD-9FAE-431A-A965-481C7EC838C1}.Debug|Any CPU.ActiveCfg = Debug|Any CPU
		{F8024FCD-9FAE-431A-A965-481C7EC838C1}.Debug|Any CPU.Build.0 = Debug|Any CPU
		{F8024FCD-9FAE-431A-A965-481C7EC838C1}.Production|Any CPU.ActiveCfg = Release|Any CPU
		{F8024FCD-9FAE-431A-A965-481C7EC838C1}.Production|Any CPU.Build.0 = Release|Any CPU
		{F8024FCD-9FAE-431A-A965-481C7EC838C1}.Release|Any CPU.ActiveCfg = Release|Any CPU
		{F8024FCD-9FAE-431A-A965-481C7EC838C1}.Release|Any CPU.Build.0 = Release|Any CPU
		{F8024FCD-9FAE-431A-A965-481C7EC838C1}.Staging|Any CPU.ActiveCfg = Release|Any CPU
		{F8024FCD-9FAE-431A-A965-481C7EC838C1}.Staging|Any CPU.Build.0 = Release|Any CPU
		{8026CD9F-D2A2-44F8-94F0-5F18C98008BE}.Debug|Any CPU.ActiveCfg = Debug|Any CPU
		{8026CD9F-D2A2-44F8-94F0-5F18C98008BE}.Debug|Any CPU.Build.0 = Debug|Any CPU
		{8026CD9F-D2A2-44F8-94F0-5F18C98008BE}.Production|Any CPU.ActiveCfg = Release|Any CPU
		{8026CD9F-D2A2-44F8-94F0-5F18C98008BE}.Production|Any CPU.Build.0 = Release|Any CPU
		{8026CD9F-D2A2-44F8-94F0-5F18C98008BE}.Release|Any CPU.ActiveCfg = Release|Any CPU
		{8026CD9F-D2A2-44F8-94F0-5F18C98008BE}.Release|Any CPU.Build.0 = Release|Any CPU
		{8026CD9F-D2A2-44F8-94F0-5F18C98008BE}.Staging|Any CPU.ActiveCfg = Release|Any CPU
		{8026CD9F-D2A2-44F8-94F0-5F18C98008BE}.Staging|Any CPU.Build.0 = Release|Any CPU
		{F1EA76AB-536B-4EB1-ABBE-851D1FFDD582}.Debug|Any CPU.ActiveCfg = Debug|Any CPU
		{F1EA76AB-536B-4EB1-ABBE-851D1FFDD582}.Debug|Any CPU.Build.0 = Debug|Any CPU
		{F1EA76AB-536B-4EB1-ABBE-851D1FFDD582}.Production|Any CPU.ActiveCfg = Release|Any CPU
		{F1EA76AB-536B-4EB1-ABBE-851D1FFDD582}.Production|Any CPU.Build.0 = Release|Any CPU
		{F1EA76AB-536B-4EB1-ABBE-851D1FFDD582}.Release|Any CPU.ActiveCfg = Release|Any CPU
		{F1EA76AB-536B-4EB1-ABBE-851D1FFDD582}.Release|Any CPU.Build.0 = Release|Any CPU
		{F1EA76AB-536B-4EB1-ABBE-851D1FFDD582}.Staging|Any CPU.ActiveCfg = Release|Any CPU
		{F1EA76AB-536B-4EB1-ABBE-851D1FFDD582}.Staging|Any CPU.Build.0 = Release|Any CPU
		{22CB9CDB-5C3C-4070-B490-C86D854CA07F}.Debug|Any CPU.ActiveCfg = Debug|Any CPU
		{22CB9CDB-5C3C-4070-B490-C86D854CA07F}.Debug|Any CPU.Build.0 = Debug|Any CPU
		{22CB9CDB-5C3C-4070-B490-C86D854CA07F}.Production|Any CPU.ActiveCfg = Release|Any CPU
		{22CB9CDB-5C3C-4070-B490-C86D854CA07F}.Production|Any CPU.Build.0 = Release|Any CPU
		{22CB9CDB-5C3C-4070-B490-C86D854CA07F}.Release|Any CPU.ActiveCfg = Release|Any CPU
		{22CB9CDB-5C3C-4070-B490-C86D854CA07F}.Release|Any CPU.Build.0 = Release|Any CPU
		{22CB9CDB-5C3C-4070-B490-C86D854CA07F}.Staging|Any CPU.ActiveCfg = Release|Any CPU
		{22CB9CDB-5C3C-4070-B490-C86D854CA07F}.Staging|Any CPU.Build.0 = Release|Any CPU
		{A83C0D44-AE75-422D-AB45-431FC6C350B6}.Debug|Any CPU.ActiveCfg = Debug|Any CPU
		{A83C0D44-AE75-422D-AB45-431FC6C350B6}.Debug|Any CPU.Build.0 = Debug|Any CPU
		{A83C0D44-AE75-422D-AB45-431FC6C350B6}.Production|Any CPU.ActiveCfg = Release|Any CPU
		{A83C0D44-AE75-422D-AB45-431FC6C350B6}.Production|Any CPU.Build.0 = Release|Any CPU
		{A83C0D44-AE75-422D-AB45-431FC6C350B6}.Release|Any CPU.ActiveCfg = Release|Any CPU
		{A83C0D44-AE75-422D-AB45-431FC6C350B6}.Release|Any CPU.Build.0 = Release|Any CPU
		{A83C0D44-AE75-422D-AB45-431FC6C350B6}.Staging|Any CPU.ActiveCfg = Release|Any CPU
		{A83C0D44-AE75-422D-AB45-431FC6C350B6}.Staging|Any CPU.Build.0 = Release|Any CPU
		{0C4D29E1-0CEE-44A8-8406-E5F5FFFBEFD1}.Debug|Any CPU.ActiveCfg = Debug|Any CPU
		{0C4D29E1-0CEE-44A8-8406-E5F5FFFBEFD1}.Debug|Any CPU.Build.0 = Debug|Any CPU
		{0C4D29E1-0CEE-44A8-8406-E5F5FFFBEFD1}.Production|Any CPU.ActiveCfg = Release|Any CPU
		{0C4D29E1-0CEE-44A8-8406-E5F5FFFBEFD1}.Production|Any CPU.Build.0 = Release|Any CPU
		{0C4D29E1-0CEE-44A8-8406-E5F5FFFBEFD1}.Release|Any CPU.ActiveCfg = Release|Any CPU
		{0C4D29E1-0CEE-44A8-8406-E5F5FFFBEFD1}.Release|Any CPU.Build.0 = Release|Any CPU
		{0C4D29E1-0CEE-44A8-8406-E5F5FFFBEFD1}.Staging|Any CPU.ActiveCfg = Release|Any CPU
		{0C4D29E1-0CEE-44A8-8406-E5F5FFFBEFD1}.Staging|Any CPU.Build.0 = Release|Any CPU
		{1DBB3426-1DAF-4D59-A8A3-91A7140672B5}.Debug|Any CPU.ActiveCfg = Debug|Any CPU
		{1DBB3426-1DAF-4D59-A8A3-91A7140672B5}.Debug|Any CPU.Build.0 = Debug|Any CPU
		{1DBB3426-1DAF-4D59-A8A3-91A7140672B5}.Production|Any CPU.ActiveCfg = Release|Any CPU
		{1DBB3426-1DAF-4D59-A8A3-91A7140672B5}.Production|Any CPU.Build.0 = Release|Any CPU
		{1DBB3426-1DAF-4D59-A8A3-91A7140672B5}.Release|Any CPU.ActiveCfg = Release|Any CPU
		{1DBB3426-1DAF-4D59-A8A3-91A7140672B5}.Release|Any CPU.Build.0 = Release|Any CPU
		{1DBB3426-1DAF-4D59-A8A3-91A7140672B5}.Staging|Any CPU.ActiveCfg = Release|Any CPU
		{1DBB3426-1DAF-4D59-A8A3-91A7140672B5}.Staging|Any CPU.Build.0 = Release|Any CPU
		{D003A920-BEAF-4592-A70F-A80337AFA6A9}.Debug|Any CPU.ActiveCfg = Debug|Any CPU
		{D003A920-BEAF-4592-A70F-A80337AFA6A9}.Debug|Any CPU.Build.0 = Debug|Any CPU
		{D003A920-BEAF-4592-A70F-A80337AFA6A9}.Production|Any CPU.ActiveCfg = Release|Any CPU
		{D003A920-BEAF-4592-A70F-A80337AFA6A9}.Production|Any CPU.Build.0 = Release|Any CPU
		{D003A920-BEAF-4592-A70F-A80337AFA6A9}.Release|Any CPU.ActiveCfg = Release|Any CPU
		{D003A920-BEAF-4592-A70F-A80337AFA6A9}.Release|Any CPU.Build.0 = Release|Any CPU
		{D003A920-BEAF-4592-A70F-A80337AFA6A9}.Staging|Any CPU.ActiveCfg = Release|Any CPU
		{D003A920-BEAF-4592-A70F-A80337AFA6A9}.Staging|Any CPU.Build.0 = Release|Any CPU
		{82AA9BFC-B58E-49CA-9416-8296073E96EB}.Debug|Any CPU.ActiveCfg = Debug|Any CPU
		{82AA9BFC-B58E-49CA-9416-8296073E96EB}.Debug|Any CPU.Build.0 = Debug|Any CPU
		{82AA9BFC-B58E-49CA-9416-8296073E96EB}.Production|Any CPU.ActiveCfg = Release|Any CPU
		{82AA9BFC-B58E-49CA-9416-8296073E96EB}.Production|Any CPU.Build.0 = Release|Any CPU
		{82AA9BFC-B58E-49CA-9416-8296073E96EB}.Release|Any CPU.ActiveCfg = Release|Any CPU
		{82AA9BFC-B58E-49CA-9416-8296073E96EB}.Release|Any CPU.Build.0 = Release|Any CPU
		{82AA9BFC-B58E-49CA-9416-8296073E96EB}.Staging|Any CPU.ActiveCfg = Release|Any CPU
		{82AA9BFC-B58E-49CA-9416-8296073E96EB}.Staging|Any CPU.Build.0 = Release|Any CPU
		{D0A51EB6-4DF2-4718-9B6F-F22F15519B75}.Debug|Any CPU.ActiveCfg = Debug|Any CPU
		{D0A51EB6-4DF2-4718-9B6F-F22F15519B75}.Debug|Any CPU.Build.0 = Debug|Any CPU
		{D0A51EB6-4DF2-4718-9B6F-F22F15519B75}.Production|Any CPU.ActiveCfg = Release|Any CPU
		{D0A51EB6-4DF2-4718-9B6F-F22F15519B75}.Production|Any CPU.Build.0 = Release|Any CPU
		{D0A51EB6-4DF2-4718-9B6F-F22F15519B75}.Release|Any CPU.ActiveCfg = Release|Any CPU
		{D0A51EB6-4DF2-4718-9B6F-F22F15519B75}.Release|Any CPU.Build.0 = Release|Any CPU
		{D0A51EB6-4DF2-4718-9B6F-F22F15519B75}.Staging|Any CPU.ActiveCfg = Release|Any CPU
		{D0A51EB6-4DF2-4718-9B6F-F22F15519B75}.Staging|Any CPU.Build.0 = Release|Any CPU
	EndGlobalSection
	GlobalSection(SolutionProperties) = preSolution
		HideSolutionNode = FALSE
	EndGlobalSection
	GlobalSection(NestedProjects) = preSolution
		{DA23C6D3-2615-4822-AB8A-79523799DF15} = {857CC5BA-9A35-4E4F-BC84-FC724081B820}
		{10A2CBE1-EA8C-4A49-98F6-9843CBE94725} = {857CC5BA-9A35-4E4F-BC84-FC724081B820}
		{CEB7F576-B2EB-48DE-B7A5-2922FE7D3DEA} = {857CC5BA-9A35-4E4F-BC84-FC724081B820}
		{F8024FCD-9FAE-431A-A965-481C7EC838C1} = {857CC5BA-9A35-4E4F-BC84-FC724081B820}
		{8026CD9F-D2A2-44F8-94F0-5F18C98008BE} = {857CC5BA-9A35-4E4F-BC84-FC724081B820}
		{0C4D29E1-0CEE-44A8-8406-E5F5FFFBEFD1} = {857CC5BA-9A35-4E4F-BC84-FC724081B820}
		{D003A920-BEAF-4592-A70F-A80337AFA6A9} = {857CC5BA-9A35-4E4F-BC84-FC724081B820}
	EndGlobalSection
EndGlobal
