
Microsoft Visual Studio Solution File, Format Version 12.00
# Visual Studio 14
VisualStudioVersion = 14.0.25420.1
MinimumVisualStudioVersion = 10.0.40219.1
Project("{FAE04EC0-301F-11D3-BF4B-00C04F79EFBC}") = "UniversityIot.UI.Droid", "Source\UniversityIot.UI\UniversityIot.UI.Droid\UniversityIot.UI.Droid.csproj", "{389EBB3F-92AD-4EF7-AA31-8BEFDACE0F28}"
EndProject
Project("{FAE04EC0-301F-11D3-BF4B-00C04F79EFBC}") = "UniversityIot.UI.iOS", "Source\UniversityIot.UI\UniversityIot.UI.iOS\UniversityIot.UI.iOS.csproj", "{5A681AD1-E225-49B5-BBA1-D7A56B02B04B}"
EndProject
Project("{FAE04EC0-301F-11D3-BF4B-00C04F79EFBC}") = "UniversityIot.UI.UWP", "Source\UniversityIot.UI\UniversityIot.UI.UWP\UniversityIot.UI.UWP.csproj", "{B2CA2D82-F74E-413F-9C6C-B3A6E2228CD1}"
EndProject
Project("{FAE04EC0-301F-11D3-BF4B-00C04F79EFBC}") = "UniversityIot.UI.Core", "Source\UniversityIot.UI\UniversityIot.UI.Core\UniversityIot.UI.Core.csproj", "{67F9D3A8-F71E-4428-913F-C37AE82CDB24}"
EndProject
Project("{FAE04EC0-301F-11D3-BF4B-00C04F79EFBC}") = "UniversityIot.UI.Mvvm", "Source\UniversityIot.UI\UniversityIot.UI.Mvvm\UniversityIot.UI.Mvvm.csproj", "{6AD80308-DB07-496B-9803-6947416A2EC6}"
EndProject
Project("{FAE04EC0-301F-11D3-BF4B-00C04F79EFBC}") = "UniversityIot.DataAccess", "Source\UniversityIot.UI\UniversityIot.DataAccess\UniversityIot.DataAccess.csproj", "{4087325C-2A69-44D1-8E43-04F8D0A4A82B}"
EndProject
Global
	GlobalSection(SolutionConfigurationPlatforms) = preSolution
		Ad-Hoc|Any CPU = Ad-Hoc|Any CPU
		Ad-Hoc|ARM = Ad-Hoc|ARM
		Ad-Hoc|iPhone = Ad-Hoc|iPhone
		Ad-Hoc|iPhoneSimulator = Ad-Hoc|iPhoneSimulator
		Ad-Hoc|x64 = Ad-Hoc|x64
		Ad-Hoc|x86 = Ad-Hoc|x86
		AppStore|Any CPU = AppStore|Any CPU
		AppStore|ARM = AppStore|ARM
		AppStore|iPhone = AppStore|iPhone
		AppStore|iPhoneSimulator = AppStore|iPhoneSimulator
		AppStore|x64 = AppStore|x64
		AppStore|x86 = AppStore|x86
		Debug|Any CPU = Debug|Any CPU
		Debug|ARM = Debug|ARM
		Debug|iPhone = Debug|iPhone
		Debug|iPhoneSimulator = Debug|iPhoneSimulator
		Debug|x64 = Debug|x64
		Debug|x86 = Debug|x86
		Production|Any CPU = Production|Any CPU
		Production|ARM = Production|ARM
		Production|iPhone = Production|iPhone
		Production|iPhoneSimulator = Production|iPhoneSimulator
		Production|x64 = Production|x64
		Production|x86 = Production|x86
		Release|Any CPU = Release|Any CPU
		Release|ARM = Release|ARM
		Release|iPhone = Release|iPhone
		Release|iPhoneSimulator = Release|iPhoneSimulator
		Release|x64 = Release|x64
		Release|x86 = Release|x86
		Staging|Any CPU = Staging|Any CPU
		Staging|ARM = Staging|ARM
		Staging|iPhone = Staging|iPhone
		Staging|iPhoneSimulator = Staging|iPhoneSimulator
		Staging|x64 = Staging|x64
		Staging|x86 = Staging|x86
	EndGlobalSection
	GlobalSection(ProjectConfigurationPlatforms) = postSolution
		{389EBB3F-92AD-4EF7-AA31-8BEFDACE0F28}.Ad-Hoc|Any CPU.ActiveCfg = Release|Any CPU
		{389EBB3F-92AD-4EF7-AA31-8BEFDACE0F28}.Ad-Hoc|Any CPU.Build.0 = Release|Any CPU
		{389EBB3F-92AD-4EF7-AA31-8BEFDACE0F28}.Ad-Hoc|Any CPU.Deploy.0 = Release|Any CPU
		{389EBB3F-92AD-4EF7-AA31-8BEFDACE0F28}.Ad-Hoc|ARM.ActiveCfg = Release|Any CPU
		{389EBB3F-92AD-4EF7-AA31-8BEFDACE0F28}.Ad-Hoc|ARM.Build.0 = Release|Any CPU
		{389EBB3F-92AD-4EF7-AA31-8BEFDACE0F28}.Ad-Hoc|ARM.Deploy.0 = Release|Any CPU
		{389EBB3F-92AD-4EF7-AA31-8BEFDACE0F28}.Ad-Hoc|iPhone.ActiveCfg = Release|Any CPU
		{389EBB3F-92AD-4EF7-AA31-8BEFDACE0F28}.Ad-Hoc|iPhone.Build.0 = Release|Any CPU
		{389EBB3F-92AD-4EF7-AA31-8BEFDACE0F28}.Ad-Hoc|iPhone.Deploy.0 = Release|Any CPU
		{389EBB3F-92AD-4EF7-AA31-8BEFDACE0F28}.Ad-Hoc|iPhoneSimulator.ActiveCfg = Release|Any CPU
		{389EBB3F-92AD-4EF7-AA31-8BEFDACE0F28}.Ad-Hoc|iPhoneSimulator.Build.0 = Release|Any CPU
		{389EBB3F-92AD-4EF7-AA31-8BEFDACE0F28}.Ad-Hoc|iPhoneSimulator.Deploy.0 = Release|Any CPU
		{389EBB3F-92AD-4EF7-AA31-8BEFDACE0F28}.Ad-Hoc|x64.ActiveCfg = Release|Any CPU
		{389EBB3F-92AD-4EF7-AA31-8BEFDACE0F28}.Ad-Hoc|x64.Build.0 = Release|Any CPU
		{389EBB3F-92AD-4EF7-AA31-8BEFDACE0F28}.Ad-Hoc|x64.Deploy.0 = Release|Any CPU
		{389EBB3F-92AD-4EF7-AA31-8BEFDACE0F28}.Ad-Hoc|x86.ActiveCfg = Release|Any CPU
		{389EBB3F-92AD-4EF7-AA31-8BEFDACE0F28}.Ad-Hoc|x86.Build.0 = Release|Any CPU
		{389EBB3F-92AD-4EF7-AA31-8BEFDACE0F28}.Ad-Hoc|x86.Deploy.0 = Release|Any CPU
		{389EBB3F-92AD-4EF7-AA31-8BEFDACE0F28}.AppStore|Any CPU.ActiveCfg = Release|Any CPU
		{389EBB3F-92AD-4EF7-AA31-8BEFDACE0F28}.AppStore|Any CPU.Build.0 = Release|Any CPU
		{389EBB3F-92AD-4EF7-AA31-8BEFDACE0F28}.AppStore|Any CPU.Deploy.0 = Release|Any CPU
		{389EBB3F-92AD-4EF7-AA31-8BEFDACE0F28}.AppStore|ARM.ActiveCfg = Release|Any CPU
		{389EBB3F-92AD-4EF7-AA31-8BEFDACE0F28}.AppStore|ARM.Build.0 = Release|Any CPU
		{389EBB3F-92AD-4EF7-AA31-8BEFDACE0F28}.AppStore|ARM.Deploy.0 = Release|Any CPU
		{389EBB3F-92AD-4EF7-AA31-8BEFDACE0F28}.AppStore|iPhone.ActiveCfg = Release|Any CPU
		{389EBB3F-92AD-4EF7-AA31-8BEFDACE0F28}.AppStore|iPhone.Build.0 = Release|Any CPU
		{389EBB3F-92AD-4EF7-AA31-8BEFDACE0F28}.AppStore|iPhone.Deploy.0 = Release|Any CPU
		{389EBB3F-92AD-4EF7-AA31-8BEFDACE0F28}.AppStore|iPhoneSimulator.ActiveCfg = Release|Any CPU
		{389EBB3F-92AD-4EF7-AA31-8BEFDACE0F28}.AppStore|iPhoneSimulator.Build.0 = Release|Any CPU
		{389EBB3F-92AD-4EF7-AA31-8BEFDACE0F28}.AppStore|iPhoneSimulator.Deploy.0 = Release|Any CPU
		{389EBB3F-92AD-4EF7-AA31-8BEFDACE0F28}.AppStore|x64.ActiveCfg = Release|Any CPU
		{389EBB3F-92AD-4EF7-AA31-8BEFDACE0F28}.AppStore|x64.Build.0 = Release|Any CPU
		{389EBB3F-92AD-4EF7-AA31-8BEFDACE0F28}.AppStore|x64.Deploy.0 = Release|Any CPU
		{389EBB3F-92AD-4EF7-AA31-8BEFDACE0F28}.AppStore|x86.ActiveCfg = Release|Any CPU
		{389EBB3F-92AD-4EF7-AA31-8BEFDACE0F28}.AppStore|x86.Build.0 = Release|Any CPU
		{389EBB3F-92AD-4EF7-AA31-8BEFDACE0F28}.AppStore|x86.Deploy.0 = Release|Any CPU
		{389EBB3F-92AD-4EF7-AA31-8BEFDACE0F28}.Debug|Any CPU.ActiveCfg = Debug|Any CPU
		{389EBB3F-92AD-4EF7-AA31-8BEFDACE0F28}.Debug|Any CPU.Build.0 = Debug|Any CPU
		{389EBB3F-92AD-4EF7-AA31-8BEFDACE0F28}.Debug|Any CPU.Deploy.0 = Debug|Any CPU
		{389EBB3F-92AD-4EF7-AA31-8BEFDACE0F28}.Debug|ARM.ActiveCfg = Debug|Any CPU
		{389EBB3F-92AD-4EF7-AA31-8BEFDACE0F28}.Debug|ARM.Build.0 = Debug|Any CPU
		{389EBB3F-92AD-4EF7-AA31-8BEFDACE0F28}.Debug|ARM.Deploy.0 = Debug|Any CPU
		{389EBB3F-92AD-4EF7-AA31-8BEFDACE0F28}.Debug|iPhone.ActiveCfg = Debug|Any CPU
		{389EBB3F-92AD-4EF7-AA31-8BEFDACE0F28}.Debug|iPhone.Build.0 = Debug|Any CPU
		{389EBB3F-92AD-4EF7-AA31-8BEFDACE0F28}.Debug|iPhone.Deploy.0 = Debug|Any CPU
		{389EBB3F-92AD-4EF7-AA31-8BEFDACE0F28}.Debug|iPhoneSimulator.ActiveCfg = Debug|Any CPU
		{389EBB3F-92AD-4EF7-AA31-8BEFDACE0F28}.Debug|iPhoneSimulator.Build.0 = Debug|Any CPU
		{389EBB3F-92AD-4EF7-AA31-8BEFDACE0F28}.Debug|iPhoneSimulator.Deploy.0 = Debug|Any CPU
		{389EBB3F-92AD-4EF7-AA31-8BEFDACE0F28}.Debug|x64.ActiveCfg = Debug|Any CPU
		{389EBB3F-92AD-4EF7-AA31-8BEFDACE0F28}.Debug|x64.Build.0 = Debug|Any CPU
		{389EBB3F-92AD-4EF7-AA31-8BEFDACE0F28}.Debug|x64.Deploy.0 = Debug|Any CPU
		{389EBB3F-92AD-4EF7-AA31-8BEFDACE0F28}.Debug|x86.ActiveCfg = Debug|Any CPU
		{389EBB3F-92AD-4EF7-AA31-8BEFDACE0F28}.Debug|x86.Build.0 = Debug|Any CPU
		{389EBB3F-92AD-4EF7-AA31-8BEFDACE0F28}.Debug|x86.Deploy.0 = Debug|Any CPU
		{389EBB3F-92AD-4EF7-AA31-8BEFDACE0F28}.Production|Any CPU.ActiveCfg = Release|Any CPU
		{389EBB3F-92AD-4EF7-AA31-8BEFDACE0F28}.Production|Any CPU.Build.0 = Release|Any CPU
		{389EBB3F-92AD-4EF7-AA31-8BEFDACE0F28}.Production|Any CPU.Deploy.0 = Release|Any CPU
		{389EBB3F-92AD-4EF7-AA31-8BEFDACE0F28}.Production|ARM.ActiveCfg = Release|Any CPU
		{389EBB3F-92AD-4EF7-AA31-8BEFDACE0F28}.Production|ARM.Build.0 = Release|Any CPU
		{389EBB3F-92AD-4EF7-AA31-8BEFDACE0F28}.Production|ARM.Deploy.0 = Release|Any CPU
		{389EBB3F-92AD-4EF7-AA31-8BEFDACE0F28}.Production|iPhone.ActiveCfg = Release|Any CPU
		{389EBB3F-92AD-4EF7-AA31-8BEFDACE0F28}.Production|iPhone.Build.0 = Release|Any CPU
		{389EBB3F-92AD-4EF7-AA31-8BEFDACE0F28}.Production|iPhone.Deploy.0 = Release|Any CPU
		{389EBB3F-92AD-4EF7-AA31-8BEFDACE0F28}.Production|iPhoneSimulator.ActiveCfg = Release|Any CPU
		{389EBB3F-92AD-4EF7-AA31-8BEFDACE0F28}.Production|iPhoneSimulator.Build.0 = Release|Any CPU
		{389EBB3F-92AD-4EF7-AA31-8BEFDACE0F28}.Production|iPhoneSimulator.Deploy.0 = Release|Any CPU
		{389EBB3F-92AD-4EF7-AA31-8BEFDACE0F28}.Production|x64.ActiveCfg = Release|Any CPU
		{389EBB3F-92AD-4EF7-AA31-8BEFDACE0F28}.Production|x64.Build.0 = Release|Any CPU
		{389EBB3F-92AD-4EF7-AA31-8BEFDACE0F28}.Production|x64.Deploy.0 = Release|Any CPU
		{389EBB3F-92AD-4EF7-AA31-8BEFDACE0F28}.Production|x86.ActiveCfg = Release|Any CPU
		{389EBB3F-92AD-4EF7-AA31-8BEFDACE0F28}.Production|x86.Build.0 = Release|Any CPU
		{389EBB3F-92AD-4EF7-AA31-8BEFDACE0F28}.Production|x86.Deploy.0 = Release|Any CPU
		{389EBB3F-92AD-4EF7-AA31-8BEFDACE0F28}.Release|Any CPU.ActiveCfg = Release|Any CPU
		{389EBB3F-92AD-4EF7-AA31-8BEFDACE0F28}.Release|Any CPU.Build.0 = Release|Any CPU
		{389EBB3F-92AD-4EF7-AA31-8BEFDACE0F28}.Release|Any CPU.Deploy.0 = Release|Any CPU
		{389EBB3F-92AD-4EF7-AA31-8BEFDACE0F28}.Release|ARM.ActiveCfg = Release|Any CPU
		{389EBB3F-92AD-4EF7-AA31-8BEFDACE0F28}.Release|ARM.Build.0 = Release|Any CPU
		{389EBB3F-92AD-4EF7-AA31-8BEFDACE0F28}.Release|ARM.Deploy.0 = Release|Any CPU
		{389EBB3F-92AD-4EF7-AA31-8BEFDACE0F28}.Release|iPhone.ActiveCfg = Release|Any CPU
		{389EBB3F-92AD-4EF7-AA31-8BEFDACE0F28}.Release|iPhone.Build.0 = Release|Any CPU
		{389EBB3F-92AD-4EF7-AA31-8BEFDACE0F28}.Release|iPhone.Deploy.0 = Release|Any CPU
		{389EBB3F-92AD-4EF7-AA31-8BEFDACE0F28}.Release|iPhoneSimulator.ActiveCfg = Release|Any CPU
		{389EBB3F-92AD-4EF7-AA31-8BEFDACE0F28}.Release|iPhoneSimulator.Build.0 = Release|Any CPU
		{389EBB3F-92AD-4EF7-AA31-8BEFDACE0F28}.Release|iPhoneSimulator.Deploy.0 = Release|Any CPU
		{389EBB3F-92AD-4EF7-AA31-8BEFDACE0F28}.Release|x64.ActiveCfg = Release|Any CPU
		{389EBB3F-92AD-4EF7-AA31-8BEFDACE0F28}.Release|x64.Build.0 = Release|Any CPU
		{389EBB3F-92AD-4EF7-AA31-8BEFDACE0F28}.Release|x64.Deploy.0 = Release|Any CPU
		{389EBB3F-92AD-4EF7-AA31-8BEFDACE0F28}.Release|x86.ActiveCfg = Release|Any CPU
		{389EBB3F-92AD-4EF7-AA31-8BEFDACE0F28}.Release|x86.Build.0 = Release|Any CPU
		{389EBB3F-92AD-4EF7-AA31-8BEFDACE0F28}.Release|x86.Deploy.0 = Release|Any CPU
		{389EBB3F-92AD-4EF7-AA31-8BEFDACE0F28}.Staging|Any CPU.ActiveCfg = Release|Any CPU
		{389EBB3F-92AD-4EF7-AA31-8BEFDACE0F28}.Staging|Any CPU.Build.0 = Release|Any CPU
		{389EBB3F-92AD-4EF7-AA31-8BEFDACE0F28}.Staging|Any CPU.Deploy.0 = Release|Any CPU
		{389EBB3F-92AD-4EF7-AA31-8BEFDACE0F28}.Staging|ARM.ActiveCfg = Release|Any CPU
		{389EBB3F-92AD-4EF7-AA31-8BEFDACE0F28}.Staging|ARM.Build.0 = Release|Any CPU
		{389EBB3F-92AD-4EF7-AA31-8BEFDACE0F28}.Staging|ARM.Deploy.0 = Release|Any CPU
		{389EBB3F-92AD-4EF7-AA31-8BEFDACE0F28}.Staging|iPhone.ActiveCfg = Release|Any CPU
		{389EBB3F-92AD-4EF7-AA31-8BEFDACE0F28}.Staging|iPhone.Build.0 = Release|Any CPU
		{389EBB3F-92AD-4EF7-AA31-8BEFDACE0F28}.Staging|iPhone.Deploy.0 = Release|Any CPU
		{389EBB3F-92AD-4EF7-AA31-8BEFDACE0F28}.Staging|iPhoneSimulator.ActiveCfg = Release|Any CPU
		{389EBB3F-92AD-4EF7-AA31-8BEFDACE0F28}.Staging|iPhoneSimulator.Build.0 = Release|Any CPU
		{389EBB3F-92AD-4EF7-AA31-8BEFDACE0F28}.Staging|iPhoneSimulator.Deploy.0 = Release|Any CPU
		{389EBB3F-92AD-4EF7-AA31-8BEFDACE0F28}.Staging|x64.ActiveCfg = Release|Any CPU
		{389EBB3F-92AD-4EF7-AA31-8BEFDACE0F28}.Staging|x64.Build.0 = Release|Any CPU
		{389EBB3F-92AD-4EF7-AA31-8BEFDACE0F28}.Staging|x64.Deploy.0 = Release|Any CPU
		{389EBB3F-92AD-4EF7-AA31-8BEFDACE0F28}.Staging|x86.ActiveCfg = Release|Any CPU
		{389EBB3F-92AD-4EF7-AA31-8BEFDACE0F28}.Staging|x86.Build.0 = Release|Any CPU
		{389EBB3F-92AD-4EF7-AA31-8BEFDACE0F28}.Staging|x86.Deploy.0 = Release|Any CPU
		{5A681AD1-E225-49B5-BBA1-D7A56B02B04B}.Ad-Hoc|Any CPU.ActiveCfg = Ad-Hoc|iPhone
		{5A681AD1-E225-49B5-BBA1-D7A56B02B04B}.Ad-Hoc|ARM.ActiveCfg = Ad-Hoc|iPhone
		{5A681AD1-E225-49B5-BBA1-D7A56B02B04B}.Ad-Hoc|iPhone.ActiveCfg = Ad-Hoc|iPhone
		{5A681AD1-E225-49B5-BBA1-D7A56B02B04B}.Ad-Hoc|iPhone.Build.0 = Ad-Hoc|iPhone
		{5A681AD1-E225-49B5-BBA1-D7A56B02B04B}.Ad-Hoc|iPhoneSimulator.ActiveCfg = Ad-Hoc|iPhoneSimulator
		{5A681AD1-E225-49B5-BBA1-D7A56B02B04B}.Ad-Hoc|iPhoneSimulator.Build.0 = Ad-Hoc|iPhoneSimulator
		{5A681AD1-E225-49B5-BBA1-D7A56B02B04B}.Ad-Hoc|x64.ActiveCfg = Ad-Hoc|iPhone
		{5A681AD1-E225-49B5-BBA1-D7A56B02B04B}.Ad-Hoc|x86.ActiveCfg = Ad-Hoc|iPhone
		{5A681AD1-E225-49B5-BBA1-D7A56B02B04B}.AppStore|Any CPU.ActiveCfg = AppStore|iPhone
		{5A681AD1-E225-49B5-BBA1-D7A56B02B04B}.AppStore|ARM.ActiveCfg = AppStore|iPhone
		{5A681AD1-E225-49B5-BBA1-D7A56B02B04B}.AppStore|iPhone.ActiveCfg = AppStore|iPhone
		{5A681AD1-E225-49B5-BBA1-D7A56B02B04B}.AppStore|iPhone.Build.0 = AppStore|iPhone
		{5A681AD1-E225-49B5-BBA1-D7A56B02B04B}.AppStore|iPhoneSimulator.ActiveCfg = AppStore|iPhoneSimulator
		{5A681AD1-E225-49B5-BBA1-D7A56B02B04B}.AppStore|iPhoneSimulator.Build.0 = AppStore|iPhoneSimulator
		{5A681AD1-E225-49B5-BBA1-D7A56B02B04B}.AppStore|x64.ActiveCfg = AppStore|iPhone
		{5A681AD1-E225-49B5-BBA1-D7A56B02B04B}.AppStore|x86.ActiveCfg = AppStore|iPhone
		{5A681AD1-E225-49B5-BBA1-D7A56B02B04B}.Debug|Any CPU.ActiveCfg = Debug|iPhone
		{5A681AD1-E225-49B5-BBA1-D7A56B02B04B}.Debug|ARM.ActiveCfg = Debug|iPhone
		{5A681AD1-E225-49B5-BBA1-D7A56B02B04B}.Debug|iPhone.ActiveCfg = Debug|iPhone
		{5A681AD1-E225-49B5-BBA1-D7A56B02B04B}.Debug|iPhone.Build.0 = Debug|iPhone
		{5A681AD1-E225-49B5-BBA1-D7A56B02B04B}.Debug|iPhoneSimulator.ActiveCfg = Debug|iPhoneSimulator
		{5A681AD1-E225-49B5-BBA1-D7A56B02B04B}.Debug|iPhoneSimulator.Build.0 = Debug|iPhoneSimulator
		{5A681AD1-E225-49B5-BBA1-D7A56B02B04B}.Debug|x64.ActiveCfg = Debug|iPhone
		{5A681AD1-E225-49B5-BBA1-D7A56B02B04B}.Debug|x86.ActiveCfg = Debug|iPhone
		{5A681AD1-E225-49B5-BBA1-D7A56B02B04B}.Production|Any CPU.ActiveCfg = AppStore|iPhone
		{5A681AD1-E225-49B5-BBA1-D7A56B02B04B}.Production|Any CPU.Build.0 = AppStore|iPhone
		{5A681AD1-E225-49B5-BBA1-D7A56B02B04B}.Production|ARM.ActiveCfg = AppStore|iPhone
		{5A681AD1-E225-49B5-BBA1-D7A56B02B04B}.Production|ARM.Build.0 = AppStore|iPhone
		{5A681AD1-E225-49B5-BBA1-D7A56B02B04B}.Production|iPhone.ActiveCfg = AppStore|iPhone
		{5A681AD1-E225-49B5-BBA1-D7A56B02B04B}.Production|iPhone.Build.0 = AppStore|iPhone
		{5A681AD1-E225-49B5-BBA1-D7A56B02B04B}.Production|iPhoneSimulator.ActiveCfg = AppStore|iPhoneSimulator
		{5A681AD1-E225-49B5-BBA1-D7A56B02B04B}.Production|iPhoneSimulator.Build.0 = AppStore|iPhoneSimulator
		{5A681AD1-E225-49B5-BBA1-D7A56B02B04B}.Production|x64.ActiveCfg = AppStore|iPhone
		{5A681AD1-E225-49B5-BBA1-D7A56B02B04B}.Production|x64.Build.0 = AppStore|iPhone
		{5A681AD1-E225-49B5-BBA1-D7A56B02B04B}.Production|x86.ActiveCfg = AppStore|iPhone
		{5A681AD1-E225-49B5-BBA1-D7A56B02B04B}.Production|x86.Build.0 = AppStore|iPhone
		{5A681AD1-E225-49B5-BBA1-D7A56B02B04B}.Release|Any CPU.ActiveCfg = Release|iPhone
		{5A681AD1-E225-49B5-BBA1-D7A56B02B04B}.Release|ARM.ActiveCfg = Release|iPhone
		{5A681AD1-E225-49B5-BBA1-D7A56B02B04B}.Release|iPhone.ActiveCfg = Release|iPhone
		{5A681AD1-E225-49B5-BBA1-D7A56B02B04B}.Release|iPhone.Build.0 = Release|iPhone
		{5A681AD1-E225-49B5-BBA1-D7A56B02B04B}.Release|iPhoneSimulator.ActiveCfg = Release|iPhoneSimulator
		{5A681AD1-E225-49B5-BBA1-D7A56B02B04B}.Release|iPhoneSimulator.Build.0 = Release|iPhoneSimulator
		{5A681AD1-E225-49B5-BBA1-D7A56B02B04B}.Release|x64.ActiveCfg = Release|iPhone
		{5A681AD1-E225-49B5-BBA1-D7A56B02B04B}.Release|x86.ActiveCfg = Release|iPhone
		{5A681AD1-E225-49B5-BBA1-D7A56B02B04B}.Staging|Any CPU.ActiveCfg = AppStore|iPhone
		{5A681AD1-E225-49B5-BBA1-D7A56B02B04B}.Staging|Any CPU.Build.0 = AppStore|iPhone
		{5A681AD1-E225-49B5-BBA1-D7A56B02B04B}.Staging|ARM.ActiveCfg = AppStore|iPhone
		{5A681AD1-E225-49B5-BBA1-D7A56B02B04B}.Staging|ARM.Build.0 = AppStore|iPhone
		{5A681AD1-E225-49B5-BBA1-D7A56B02B04B}.Staging|iPhone.ActiveCfg = AppStore|iPhone
		{5A681AD1-E225-49B5-BBA1-D7A56B02B04B}.Staging|iPhone.Build.0 = AppStore|iPhone
		{5A681AD1-E225-49B5-BBA1-D7A56B02B04B}.Staging|iPhoneSimulator.ActiveCfg = AppStore|iPhoneSimulator
		{5A681AD1-E225-49B5-BBA1-D7A56B02B04B}.Staging|iPhoneSimulator.Build.0 = AppStore|iPhoneSimulator
		{5A681AD1-E225-49B5-BBA1-D7A56B02B04B}.Staging|x64.ActiveCfg = AppStore|iPhone
		{5A681AD1-E225-49B5-BBA1-D7A56B02B04B}.Staging|x64.Build.0 = AppStore|iPhone
		{5A681AD1-E225-49B5-BBA1-D7A56B02B04B}.Staging|x86.ActiveCfg = AppStore|iPhone
		{5A681AD1-E225-49B5-BBA1-D7A56B02B04B}.Staging|x86.Build.0 = AppStore|iPhone
		{B2CA2D82-F74E-413F-9C6C-B3A6E2228CD1}.Ad-Hoc|Any CPU.ActiveCfg = Release|x86
		{B2CA2D82-F74E-413F-9C6C-B3A6E2228CD1}.Ad-Hoc|Any CPU.Build.0 = Release|x86
		{B2CA2D82-F74E-413F-9C6C-B3A6E2228CD1}.Ad-Hoc|Any CPU.Deploy.0 = Release|x86
		{B2CA2D82-F74E-413F-9C6C-B3A6E2228CD1}.Ad-Hoc|ARM.ActiveCfg = Release|ARM
		{B2CA2D82-F74E-413F-9C6C-B3A6E2228CD1}.Ad-Hoc|ARM.Build.0 = Release|ARM
		{B2CA2D82-F74E-413F-9C6C-B3A6E2228CD1}.Ad-Hoc|ARM.Deploy.0 = Release|ARM
		{B2CA2D82-F74E-413F-9C6C-B3A6E2228CD1}.Ad-Hoc|iPhone.ActiveCfg = Release|x86
		{B2CA2D82-F74E-413F-9C6C-B3A6E2228CD1}.Ad-Hoc|iPhone.Build.0 = Release|x86
		{B2CA2D82-F74E-413F-9C6C-B3A6E2228CD1}.Ad-Hoc|iPhone.Deploy.0 = Release|x86
		{B2CA2D82-F74E-413F-9C6C-B3A6E2228CD1}.Ad-Hoc|iPhoneSimulator.ActiveCfg = Release|x86
		{B2CA2D82-F74E-413F-9C6C-B3A6E2228CD1}.Ad-Hoc|iPhoneSimulator.Build.0 = Release|x86
		{B2CA2D82-F74E-413F-9C6C-B3A6E2228CD1}.Ad-Hoc|iPhoneSimulator.Deploy.0 = Release|x86
		{B2CA2D82-F74E-413F-9C6C-B3A6E2228CD1}.Ad-Hoc|x64.ActiveCfg = Release|x64
		{B2CA2D82-F74E-413F-9C6C-B3A6E2228CD1}.Ad-Hoc|x64.Build.0 = Release|x64
		{B2CA2D82-F74E-413F-9C6C-B3A6E2228CD1}.Ad-Hoc|x64.Deploy.0 = Release|x64
		{B2CA2D82-F74E-413F-9C6C-B3A6E2228CD1}.Ad-Hoc|x86.ActiveCfg = Release|x86
		{B2CA2D82-F74E-413F-9C6C-B3A6E2228CD1}.Ad-Hoc|x86.Build.0 = Release|x86
		{B2CA2D82-F74E-413F-9C6C-B3A6E2228CD1}.Ad-Hoc|x86.Deploy.0 = Release|x86
		{B2CA2D82-F74E-413F-9C6C-B3A6E2228CD1}.AppStore|Any CPU.ActiveCfg = Release|x86
		{B2CA2D82-F74E-413F-9C6C-B3A6E2228CD1}.AppStore|Any CPU.Build.0 = Release|x86
		{B2CA2D82-F74E-413F-9C6C-B3A6E2228CD1}.AppStore|Any CPU.Deploy.0 = Release|x86
		{B2CA2D82-F74E-413F-9C6C-B3A6E2228CD1}.AppStore|ARM.ActiveCfg = Release|ARM
		{B2CA2D82-F74E-413F-9C6C-B3A6E2228CD1}.AppStore|ARM.Build.0 = Release|ARM
		{B2CA2D82-F74E-413F-9C6C-B3A6E2228CD1}.AppStore|ARM.Deploy.0 = Release|ARM
		{B2CA2D82-F74E-413F-9C6C-B3A6E2228CD1}.AppStore|iPhone.ActiveCfg = Release|x86
		{B2CA2D82-F74E-413F-9C6C-B3A6E2228CD1}.AppStore|iPhone.Build.0 = Release|x86
		{B2CA2D82-F74E-413F-9C6C-B3A6E2228CD1}.AppStore|iPhone.Deploy.0 = Release|x86
		{B2CA2D82-F74E-413F-9C6C-B3A6E2228CD1}.AppStore|iPhoneSimulator.ActiveCfg = Release|x86
		{B2CA2D82-F74E-413F-9C6C-B3A6E2228CD1}.AppStore|iPhoneSimulator.Build.0 = Release|x86
		{B2CA2D82-F74E-413F-9C6C-B3A6E2228CD1}.AppStore|iPhoneSimulator.Deploy.0 = Release|x86
		{B2CA2D82-F74E-413F-9C6C-B3A6E2228CD1}.AppStore|x64.ActiveCfg = Release|x64
		{B2CA2D82-F74E-413F-9C6C-B3A6E2228CD1}.AppStore|x64.Build.0 = Release|x64
		{B2CA2D82-F74E-413F-9C6C-B3A6E2228CD1}.AppStore|x64.Deploy.0 = Release|x64
		{B2CA2D82-F74E-413F-9C6C-B3A6E2228CD1}.AppStore|x86.ActiveCfg = Release|x86
		{B2CA2D82-F74E-413F-9C6C-B3A6E2228CD1}.AppStore|x86.Build.0 = Release|x86
		{B2CA2D82-F74E-413F-9C6C-B3A6E2228CD1}.AppStore|x86.Deploy.0 = Release|x86
		{B2CA2D82-F74E-413F-9C6C-B3A6E2228CD1}.Debug|Any CPU.ActiveCfg = Debug|x86
		{B2CA2D82-F74E-413F-9C6C-B3A6E2228CD1}.Debug|Any CPU.Build.0 = Debug|x86
		{B2CA2D82-F74E-413F-9C6C-B3A6E2228CD1}.Debug|Any CPU.Deploy.0 = Debug|x86
		{B2CA2D82-F74E-413F-9C6C-B3A6E2228CD1}.Debug|ARM.ActiveCfg = Debug|ARM
		{B2CA2D82-F74E-413F-9C6C-B3A6E2228CD1}.Debug|ARM.Build.0 = Debug|ARM
		{B2CA2D82-F74E-413F-9C6C-B3A6E2228CD1}.Debug|ARM.Deploy.0 = Debug|ARM
		{B2CA2D82-F74E-413F-9C6C-B3A6E2228CD1}.Debug|iPhone.ActiveCfg = Debug|x86
		{B2CA2D82-F74E-413F-9C6C-B3A6E2228CD1}.Debug|iPhoneSimulator.ActiveCfg = Debug|x86
		{B2CA2D82-F74E-413F-9C6C-B3A6E2228CD1}.Debug|x64.ActiveCfg = Debug|x64
		{B2CA2D82-F74E-413F-9C6C-B3A6E2228CD1}.Debug|x64.Build.0 = Debug|x64
		{B2CA2D82-F74E-413F-9C6C-B3A6E2228CD1}.Debug|x64.Deploy.0 = Debug|x64
		{B2CA2D82-F74E-413F-9C6C-B3A6E2228CD1}.Debug|x86.ActiveCfg = Debug|x86
		{B2CA2D82-F74E-413F-9C6C-B3A6E2228CD1}.Debug|x86.Build.0 = Debug|x86
		{B2CA2D82-F74E-413F-9C6C-B3A6E2228CD1}.Debug|x86.Deploy.0 = Debug|x86
		{B2CA2D82-F74E-413F-9C6C-B3A6E2228CD1}.Production|Any CPU.ActiveCfg = Release|x86
		{B2CA2D82-F74E-413F-9C6C-B3A6E2228CD1}.Production|Any CPU.Build.0 = Release|x86
		{B2CA2D82-F74E-413F-9C6C-B3A6E2228CD1}.Production|Any CPU.Deploy.0 = Release|x86
		{B2CA2D82-F74E-413F-9C6C-B3A6E2228CD1}.Production|ARM.ActiveCfg = Release|ARM
		{B2CA2D82-F74E-413F-9C6C-B3A6E2228CD1}.Production|ARM.Build.0 = Release|ARM
		{B2CA2D82-F74E-413F-9C6C-B3A6E2228CD1}.Production|ARM.Deploy.0 = Release|ARM
		{B2CA2D82-F74E-413F-9C6C-B3A6E2228CD1}.Production|iPhone.ActiveCfg = Release|x86
		{B2CA2D82-F74E-413F-9C6C-B3A6E2228CD1}.Production|iPhone.Build.0 = Release|x86
		{B2CA2D82-F74E-413F-9C6C-B3A6E2228CD1}.Production|iPhone.Deploy.0 = Release|x86
		{B2CA2D82-F74E-413F-9C6C-B3A6E2228CD1}.Production|iPhoneSimulator.ActiveCfg = Release|x86
		{B2CA2D82-F74E-413F-9C6C-B3A6E2228CD1}.Production|iPhoneSimulator.Build.0 = Release|x86
		{B2CA2D82-F74E-413F-9C6C-B3A6E2228CD1}.Production|iPhoneSimulator.Deploy.0 = Release|x86
		{B2CA2D82-F74E-413F-9C6C-B3A6E2228CD1}.Production|x64.ActiveCfg = Release|x64
		{B2CA2D82-F74E-413F-9C6C-B3A6E2228CD1}.Production|x64.Build.0 = Release|x64
		{B2CA2D82-F74E-413F-9C6C-B3A6E2228CD1}.Production|x64.Deploy.0 = Release|x64
		{B2CA2D82-F74E-413F-9C6C-B3A6E2228CD1}.Production|x86.ActiveCfg = Release|x86
		{B2CA2D82-F74E-413F-9C6C-B3A6E2228CD1}.Production|x86.Build.0 = Release|x86
		{B2CA2D82-F74E-413F-9C6C-B3A6E2228CD1}.Production|x86.Deploy.0 = Release|x86
		{B2CA2D82-F74E-413F-9C6C-B3A6E2228CD1}.Release|Any CPU.ActiveCfg = Release|x86
		{B2CA2D82-F74E-413F-9C6C-B3A6E2228CD1}.Release|ARM.ActiveCfg = Release|ARM
		{B2CA2D82-F74E-413F-9C6C-B3A6E2228CD1}.Release|ARM.Build.0 = Release|ARM
		{B2CA2D82-F74E-413F-9C6C-B3A6E2228CD1}.Release|ARM.Deploy.0 = Release|ARM
		{B2CA2D82-F74E-413F-9C6C-B3A6E2228CD1}.Release|iPhone.ActiveCfg = Release|x86
		{B2CA2D82-F74E-413F-9C6C-B3A6E2228CD1}.Release|iPhoneSimulator.ActiveCfg = Release|x86
		{B2CA2D82-F74E-413F-9C6C-B3A6E2228CD1}.Release|x64.ActiveCfg = Release|x64
		{B2CA2D82-F74E-413F-9C6C-B3A6E2228CD1}.Release|x64.Build.0 = Release|x64
		{B2CA2D82-F74E-413F-9C6C-B3A6E2228CD1}.Release|x64.Deploy.0 = Release|x64
		{B2CA2D82-F74E-413F-9C6C-B3A6E2228CD1}.Release|x86.ActiveCfg = Release|x86
		{B2CA2D82-F74E-413F-9C6C-B3A6E2228CD1}.Release|x86.Build.0 = Release|x86
		{B2CA2D82-F74E-413F-9C6C-B3A6E2228CD1}.Release|x86.Deploy.0 = Release|x86
		{B2CA2D82-F74E-413F-9C6C-B3A6E2228CD1}.Staging|Any CPU.ActiveCfg = Release|x86
		{B2CA2D82-F74E-413F-9C6C-B3A6E2228CD1}.Staging|Any CPU.Build.0 = Release|x86
		{B2CA2D82-F74E-413F-9C6C-B3A6E2228CD1}.Staging|Any CPU.Deploy.0 = Release|x86
		{B2CA2D82-F74E-413F-9C6C-B3A6E2228CD1}.Staging|ARM.ActiveCfg = Release|ARM
		{B2CA2D82-F74E-413F-9C6C-B3A6E2228CD1}.Staging|ARM.Build.0 = Release|ARM
		{B2CA2D82-F74E-413F-9C6C-B3A6E2228CD1}.Staging|ARM.Deploy.0 = Release|ARM
		{B2CA2D82-F74E-413F-9C6C-B3A6E2228CD1}.Staging|iPhone.ActiveCfg = Release|x86
		{B2CA2D82-F74E-413F-9C6C-B3A6E2228CD1}.Staging|iPhone.Build.0 = Release|x86
		{B2CA2D82-F74E-413F-9C6C-B3A6E2228CD1}.Staging|iPhone.Deploy.0 = Release|x86
		{B2CA2D82-F74E-413F-9C6C-B3A6E2228CD1}.Staging|iPhoneSimulator.ActiveCfg = Release|x86
		{B2CA2D82-F74E-413F-9C6C-B3A6E2228CD1}.Staging|iPhoneSimulator.Build.0 = Release|x86
		{B2CA2D82-F74E-413F-9C6C-B3A6E2228CD1}.Staging|iPhoneSimulator.Deploy.0 = Release|x86
		{B2CA2D82-F74E-413F-9C6C-B3A6E2228CD1}.Staging|x64.ActiveCfg = Release|x64
		{B2CA2D82-F74E-413F-9C6C-B3A6E2228CD1}.Staging|x64.Build.0 = Release|x64
		{B2CA2D82-F74E-413F-9C6C-B3A6E2228CD1}.Staging|x64.Deploy.0 = Release|x64
		{B2CA2D82-F74E-413F-9C6C-B3A6E2228CD1}.Staging|x86.ActiveCfg = Release|x86
		{B2CA2D82-F74E-413F-9C6C-B3A6E2228CD1}.Staging|x86.Build.0 = Release|x86
		{B2CA2D82-F74E-413F-9C6C-B3A6E2228CD1}.Staging|x86.Deploy.0 = Release|x86
		{67F9D3A8-F71E-4428-913F-C37AE82CDB24}.Ad-Hoc|Any CPU.ActiveCfg = Release|Any CPU
		{67F9D3A8-F71E-4428-913F-C37AE82CDB24}.Ad-Hoc|Any CPU.Build.0 = Release|Any CPU
		{67F9D3A8-F71E-4428-913F-C37AE82CDB24}.Ad-Hoc|ARM.ActiveCfg = Release|Any CPU
		{67F9D3A8-F71E-4428-913F-C37AE82CDB24}.Ad-Hoc|ARM.Build.0 = Release|Any CPU
		{67F9D3A8-F71E-4428-913F-C37AE82CDB24}.Ad-Hoc|iPhone.ActiveCfg = Release|Any CPU
		{67F9D3A8-F71E-4428-913F-C37AE82CDB24}.Ad-Hoc|iPhone.Build.0 = Release|Any CPU
		{67F9D3A8-F71E-4428-913F-C37AE82CDB24}.Ad-Hoc|iPhoneSimulator.ActiveCfg = Release|Any CPU
		{67F9D3A8-F71E-4428-913F-C37AE82CDB24}.Ad-Hoc|iPhoneSimulator.Build.0 = Release|Any CPU
		{67F9D3A8-F71E-4428-913F-C37AE82CDB24}.Ad-Hoc|x64.ActiveCfg = Release|Any CPU
		{67F9D3A8-F71E-4428-913F-C37AE82CDB24}.Ad-Hoc|x64.Build.0 = Release|Any CPU
		{67F9D3A8-F71E-4428-913F-C37AE82CDB24}.Ad-Hoc|x86.ActiveCfg = Release|Any CPU
		{67F9D3A8-F71E-4428-913F-C37AE82CDB24}.Ad-Hoc|x86.Build.0 = Release|Any CPU
		{67F9D3A8-F71E-4428-913F-C37AE82CDB24}.AppStore|Any CPU.ActiveCfg = Release|Any CPU
		{67F9D3A8-F71E-4428-913F-C37AE82CDB24}.AppStore|Any CPU.Build.0 = Release|Any CPU
		{67F9D3A8-F71E-4428-913F-C37AE82CDB24}.AppStore|ARM.ActiveCfg = Release|Any CPU
		{67F9D3A8-F71E-4428-913F-C37AE82CDB24}.AppStore|ARM.Build.0 = Release|Any CPU
		{67F9D3A8-F71E-4428-913F-C37AE82CDB24}.AppStore|iPhone.ActiveCfg = Release|Any CPU
		{67F9D3A8-F71E-4428-913F-C37AE82CDB24}.AppStore|iPhone.Build.0 = Release|Any CPU
		{67F9D3A8-F71E-4428-913F-C37AE82CDB24}.AppStore|iPhoneSimulator.ActiveCfg = Release|Any CPU
		{67F9D3A8-F71E-4428-913F-C37AE82CDB24}.AppStore|iPhoneSimulator.Build.0 = Release|Any CPU
		{67F9D3A8-F71E-4428-913F-C37AE82CDB24}.AppStore|x64.ActiveCfg = Release|Any CPU
		{67F9D3A8-F71E-4428-913F-C37AE82CDB24}.AppStore|x64.Build.0 = Release|Any CPU
		{67F9D3A8-F71E-4428-913F-C37AE82CDB24}.AppStore|x86.ActiveCfg = Release|Any CPU
		{67F9D3A8-F71E-4428-913F-C37AE82CDB24}.AppStore|x86.Build.0 = Release|Any CPU
		{67F9D3A8-F71E-4428-913F-C37AE82CDB24}.Debug|Any CPU.ActiveCfg = Debug|Any CPU
		{67F9D3A8-F71E-4428-913F-C37AE82CDB24}.Debug|Any CPU.Build.0 = Debug|Any CPU
		{67F9D3A8-F71E-4428-913F-C37AE82CDB24}.Debug|ARM.ActiveCfg = Debug|Any CPU
		{67F9D3A8-F71E-4428-913F-C37AE82CDB24}.Debug|ARM.Build.0 = Debug|Any CPU
		{67F9D3A8-F71E-4428-913F-C37AE82CDB24}.Debug|iPhone.ActiveCfg = Debug|Any CPU
		{67F9D3A8-F71E-4428-913F-C37AE82CDB24}.Debug|iPhone.Build.0 = Debug|Any CPU
		{67F9D3A8-F71E-4428-913F-C37AE82CDB24}.Debug|iPhoneSimulator.ActiveCfg = Debug|Any CPU
		{67F9D3A8-F71E-4428-913F-C37AE82CDB24}.Debug|iPhoneSimulator.Build.0 = Debug|Any CPU
		{67F9D3A8-F71E-4428-913F-C37AE82CDB24}.Debug|x64.ActiveCfg = Debug|Any CPU
		{67F9D3A8-F71E-4428-913F-C37AE82CDB24}.Debug|x64.Build.0 = Debug|Any CPU
		{67F9D3A8-F71E-4428-913F-C37AE82CDB24}.Debug|x86.ActiveCfg = Debug|Any CPU
		{67F9D3A8-F71E-4428-913F-C37AE82CDB24}.Debug|x86.Build.0 = Debug|Any CPU
		{67F9D3A8-F71E-4428-913F-C37AE82CDB24}.Production|Any CPU.ActiveCfg = Release|Any CPU
		{67F9D3A8-F71E-4428-913F-C37AE82CDB24}.Production|Any CPU.Build.0 = Release|Any CPU
		{67F9D3A8-F71E-4428-913F-C37AE82CDB24}.Production|ARM.ActiveCfg = Release|Any CPU
		{67F9D3A8-F71E-4428-913F-C37AE82CDB24}.Production|ARM.Build.0 = Release|Any CPU
		{67F9D3A8-F71E-4428-913F-C37AE82CDB24}.Production|iPhone.ActiveCfg = Release|Any CPU
		{67F9D3A8-F71E-4428-913F-C37AE82CDB24}.Production|iPhone.Build.0 = Release|Any CPU
		{67F9D3A8-F71E-4428-913F-C37AE82CDB24}.Production|iPhoneSimulator.ActiveCfg = Release|Any CPU
		{67F9D3A8-F71E-4428-913F-C37AE82CDB24}.Production|iPhoneSimulator.Build.0 = Release|Any CPU
		{67F9D3A8-F71E-4428-913F-C37AE82CDB24}.Production|x64.ActiveCfg = Release|Any CPU
		{67F9D3A8-F71E-4428-913F-C37AE82CDB24}.Production|x64.Build.0 = Release|Any CPU
		{67F9D3A8-F71E-4428-913F-C37AE82CDB24}.Production|x86.ActiveCfg = Release|Any CPU
		{67F9D3A8-F71E-4428-913F-C37AE82CDB24}.Production|x86.Build.0 = Release|Any CPU
		{67F9D3A8-F71E-4428-913F-C37AE82CDB24}.Release|Any CPU.ActiveCfg = Release|Any CPU
		{67F9D3A8-F71E-4428-913F-C37AE82CDB24}.Release|Any CPU.Build.0 = Release|Any CPU
		{67F9D3A8-F71E-4428-913F-C37AE82CDB24}.Release|ARM.ActiveCfg = Release|Any CPU
		{67F9D3A8-F71E-4428-913F-C37AE82CDB24}.Release|ARM.Build.0 = Release|Any CPU
		{67F9D3A8-F71E-4428-913F-C37AE82CDB24}.Release|iPhone.ActiveCfg = Release|Any CPU
		{67F9D3A8-F71E-4428-913F-C37AE82CDB24}.Release|iPhone.Build.0 = Release|Any CPU
		{67F9D3A8-F71E-4428-913F-C37AE82CDB24}.Release|iPhoneSimulator.ActiveCfg = Release|Any CPU
		{67F9D3A8-F71E-4428-913F-C37AE82CDB24}.Release|iPhoneSimulator.Build.0 = Release|Any CPU
		{67F9D3A8-F71E-4428-913F-C37AE82CDB24}.Release|x64.ActiveCfg = Release|Any CPU
		{67F9D3A8-F71E-4428-913F-C37AE82CDB24}.Release|x64.Build.0 = Release|Any CPU
		{67F9D3A8-F71E-4428-913F-C37AE82CDB24}.Release|x86.ActiveCfg = Release|Any CPU
		{67F9D3A8-F71E-4428-913F-C37AE82CDB24}.Release|x86.Build.0 = Release|Any CPU
		{67F9D3A8-F71E-4428-913F-C37AE82CDB24}.Staging|Any CPU.ActiveCfg = Release|Any CPU
		{67F9D3A8-F71E-4428-913F-C37AE82CDB24}.Staging|Any CPU.Build.0 = Release|Any CPU
		{67F9D3A8-F71E-4428-913F-C37AE82CDB24}.Staging|ARM.ActiveCfg = Release|Any CPU
		{67F9D3A8-F71E-4428-913F-C37AE82CDB24}.Staging|ARM.Build.0 = Release|Any CPU
		{67F9D3A8-F71E-4428-913F-C37AE82CDB24}.Staging|iPhone.ActiveCfg = Release|Any CPU
		{67F9D3A8-F71E-4428-913F-C37AE82CDB24}.Staging|iPhone.Build.0 = Release|Any CPU
		{67F9D3A8-F71E-4428-913F-C37AE82CDB24}.Staging|iPhoneSimulator.ActiveCfg = Release|Any CPU
		{67F9D3A8-F71E-4428-913F-C37AE82CDB24}.Staging|iPhoneSimulator.Build.0 = Release|Any CPU
		{67F9D3A8-F71E-4428-913F-C37AE82CDB24}.Staging|x64.ActiveCfg = Release|Any CPU
		{67F9D3A8-F71E-4428-913F-C37AE82CDB24}.Staging|x64.Build.0 = Release|Any CPU
		{67F9D3A8-F71E-4428-913F-C37AE82CDB24}.Staging|x86.ActiveCfg = Release|Any CPU
		{67F9D3A8-F71E-4428-913F-C37AE82CDB24}.Staging|x86.Build.0 = Release|Any CPU
		{6AD80308-DB07-496B-9803-6947416A2EC6}.Ad-Hoc|Any CPU.ActiveCfg = Release|Any CPU
		{6AD80308-DB07-496B-9803-6947416A2EC6}.Ad-Hoc|Any CPU.Build.0 = Release|Any CPU
		{6AD80308-DB07-496B-9803-6947416A2EC6}.Ad-Hoc|ARM.ActiveCfg = Release|Any CPU
		{6AD80308-DB07-496B-9803-6947416A2EC6}.Ad-Hoc|ARM.Build.0 = Release|Any CPU
		{6AD80308-DB07-496B-9803-6947416A2EC6}.Ad-Hoc|iPhone.ActiveCfg = Release|Any CPU
		{6AD80308-DB07-496B-9803-6947416A2EC6}.Ad-Hoc|iPhone.Build.0 = Release|Any CPU
		{6AD80308-DB07-496B-9803-6947416A2EC6}.Ad-Hoc|iPhoneSimulator.ActiveCfg = Release|Any CPU
		{6AD80308-DB07-496B-9803-6947416A2EC6}.Ad-Hoc|iPhoneSimulator.Build.0 = Release|Any CPU
		{6AD80308-DB07-496B-9803-6947416A2EC6}.Ad-Hoc|x64.ActiveCfg = Release|Any CPU
		{6AD80308-DB07-496B-9803-6947416A2EC6}.Ad-Hoc|x64.Build.0 = Release|Any CPU
		{6AD80308-DB07-496B-9803-6947416A2EC6}.Ad-Hoc|x86.ActiveCfg = Release|Any CPU
		{6AD80308-DB07-496B-9803-6947416A2EC6}.Ad-Hoc|x86.Build.0 = Release|Any CPU
		{6AD80308-DB07-496B-9803-6947416A2EC6}.AppStore|Any CPU.ActiveCfg = Release|Any CPU
		{6AD80308-DB07-496B-9803-6947416A2EC6}.AppStore|Any CPU.Build.0 = Release|Any CPU
		{6AD80308-DB07-496B-9803-6947416A2EC6}.AppStore|ARM.ActiveCfg = Release|Any CPU
		{6AD80308-DB07-496B-9803-6947416A2EC6}.AppStore|ARM.Build.0 = Release|Any CPU
		{6AD80308-DB07-496B-9803-6947416A2EC6}.AppStore|iPhone.ActiveCfg = Release|Any CPU
		{6AD80308-DB07-496B-9803-6947416A2EC6}.AppStore|iPhone.Build.0 = Release|Any CPU
		{6AD80308-DB07-496B-9803-6947416A2EC6}.AppStore|iPhoneSimulator.ActiveCfg = Release|Any CPU
		{6AD80308-DB07-496B-9803-6947416A2EC6}.AppStore|iPhoneSimulator.Build.0 = Release|Any CPU
		{6AD80308-DB07-496B-9803-6947416A2EC6}.AppStore|x64.ActiveCfg = Release|Any CPU
		{6AD80308-DB07-496B-9803-6947416A2EC6}.AppStore|x64.Build.0 = Release|Any CPU
		{6AD80308-DB07-496B-9803-6947416A2EC6}.AppStore|x86.ActiveCfg = Release|Any CPU
		{6AD80308-DB07-496B-9803-6947416A2EC6}.AppStore|x86.Build.0 = Release|Any CPU
		{6AD80308-DB07-496B-9803-6947416A2EC6}.Debug|Any CPU.ActiveCfg = Debug|Any CPU
		{6AD80308-DB07-496B-9803-6947416A2EC6}.Debug|Any CPU.Build.0 = Debug|Any CPU
		{6AD80308-DB07-496B-9803-6947416A2EC6}.Debug|ARM.ActiveCfg = Debug|Any CPU
		{6AD80308-DB07-496B-9803-6947416A2EC6}.Debug|ARM.Build.0 = Debug|Any CPU
		{6AD80308-DB07-496B-9803-6947416A2EC6}.Debug|iPhone.ActiveCfg = Debug|Any CPU
		{6AD80308-DB07-496B-9803-6947416A2EC6}.Debug|iPhone.Build.0 = Debug|Any CPU
		{6AD80308-DB07-496B-9803-6947416A2EC6}.Debug|iPhoneSimulator.ActiveCfg = Debug|Any CPU
		{6AD80308-DB07-496B-9803-6947416A2EC6}.Debug|iPhoneSimulator.Build.0 = Debug|Any CPU
		{6AD80308-DB07-496B-9803-6947416A2EC6}.Debug|x64.ActiveCfg = Debug|Any CPU
		{6AD80308-DB07-496B-9803-6947416A2EC6}.Debug|x64.Build.0 = Debug|Any CPU
		{6AD80308-DB07-496B-9803-6947416A2EC6}.Debug|x86.ActiveCfg = Debug|Any CPU
		{6AD80308-DB07-496B-9803-6947416A2EC6}.Debug|x86.Build.0 = Debug|Any CPU
		{6AD80308-DB07-496B-9803-6947416A2EC6}.Production|Any CPU.ActiveCfg = Release|Any CPU
		{6AD80308-DB07-496B-9803-6947416A2EC6}.Production|Any CPU.Build.0 = Release|Any CPU
		{6AD80308-DB07-496B-9803-6947416A2EC6}.Production|ARM.ActiveCfg = Release|Any CPU
		{6AD80308-DB07-496B-9803-6947416A2EC6}.Production|ARM.Build.0 = Release|Any CPU
		{6AD80308-DB07-496B-9803-6947416A2EC6}.Production|iPhone.ActiveCfg = Release|Any CPU
		{6AD80308-DB07-496B-9803-6947416A2EC6}.Production|iPhone.Build.0 = Release|Any CPU
		{6AD80308-DB07-496B-9803-6947416A2EC6}.Production|iPhoneSimulator.ActiveCfg = Release|Any CPU
		{6AD80308-DB07-496B-9803-6947416A2EC6}.Production|iPhoneSimulator.Build.0 = Release|Any CPU
		{6AD80308-DB07-496B-9803-6947416A2EC6}.Production|x64.ActiveCfg = Release|Any CPU
		{6AD80308-DB07-496B-9803-6947416A2EC6}.Production|x64.Build.0 = Release|Any CPU
		{6AD80308-DB07-496B-9803-6947416A2EC6}.Production|x86.ActiveCfg = Release|Any CPU
		{6AD80308-DB07-496B-9803-6947416A2EC6}.Production|x86.Build.0 = Release|Any CPU
		{6AD80308-DB07-496B-9803-6947416A2EC6}.Release|Any CPU.ActiveCfg = Release|Any CPU
		{6AD80308-DB07-496B-9803-6947416A2EC6}.Release|Any CPU.Build.0 = Release|Any CPU
		{6AD80308-DB07-496B-9803-6947416A2EC6}.Release|ARM.ActiveCfg = Release|Any CPU
		{6AD80308-DB07-496B-9803-6947416A2EC6}.Release|ARM.Build.0 = Release|Any CPU
		{6AD80308-DB07-496B-9803-6947416A2EC6}.Release|iPhone.ActiveCfg = Release|Any CPU
		{6AD80308-DB07-496B-9803-6947416A2EC6}.Release|iPhone.Build.0 = Release|Any CPU
		{6AD80308-DB07-496B-9803-6947416A2EC6}.Release|iPhoneSimulator.ActiveCfg = Release|Any CPU
		{6AD80308-DB07-496B-9803-6947416A2EC6}.Release|iPhoneSimulator.Build.0 = Release|Any CPU
		{6AD80308-DB07-496B-9803-6947416A2EC6}.Release|x64.ActiveCfg = Release|Any CPU
		{6AD80308-DB07-496B-9803-6947416A2EC6}.Release|x64.Build.0 = Release|Any CPU
		{6AD80308-DB07-496B-9803-6947416A2EC6}.Release|x86.ActiveCfg = Release|Any CPU
		{6AD80308-DB07-496B-9803-6947416A2EC6}.Release|x86.Build.0 = Release|Any CPU
		{6AD80308-DB07-496B-9803-6947416A2EC6}.Staging|Any CPU.ActiveCfg = Release|Any CPU
		{6AD80308-DB07-496B-9803-6947416A2EC6}.Staging|Any CPU.Build.0 = Release|Any CPU
		{6AD80308-DB07-496B-9803-6947416A2EC6}.Staging|ARM.ActiveCfg = Release|Any CPU
		{6AD80308-DB07-496B-9803-6947416A2EC6}.Staging|ARM.Build.0 = Release|Any CPU
		{6AD80308-DB07-496B-9803-6947416A2EC6}.Staging|iPhone.ActiveCfg = Release|Any CPU
		{6AD80308-DB07-496B-9803-6947416A2EC6}.Staging|iPhone.Build.0 = Release|Any CPU
		{6AD80308-DB07-496B-9803-6947416A2EC6}.Staging|iPhoneSimulator.ActiveCfg = Release|Any CPU
		{6AD80308-DB07-496B-9803-6947416A2EC6}.Staging|iPhoneSimulator.Build.0 = Release|Any CPU
		{6AD80308-DB07-496B-9803-6947416A2EC6}.Staging|x64.ActiveCfg = Release|Any CPU
		{6AD80308-DB07-496B-9803-6947416A2EC6}.Staging|x64.Build.0 = Release|Any CPU
		{6AD80308-DB07-496B-9803-6947416A2EC6}.Staging|x86.ActiveCfg = Release|Any CPU
		{6AD80308-DB07-496B-9803-6947416A2EC6}.Staging|x86.Build.0 = Release|Any CPU
		{4087325C-2A69-44D1-8E43-04F8D0A4A82B}.Ad-Hoc|Any CPU.ActiveCfg = Release|Any CPU
		{4087325C-2A69-44D1-8E43-04F8D0A4A82B}.Ad-Hoc|Any CPU.Build.0 = Release|Any CPU
		{4087325C-2A69-44D1-8E43-04F8D0A4A82B}.Ad-Hoc|ARM.ActiveCfg = Release|Any CPU
		{4087325C-2A69-44D1-8E43-04F8D0A4A82B}.Ad-Hoc|ARM.Build.0 = Release|Any CPU
		{4087325C-2A69-44D1-8E43-04F8D0A4A82B}.Ad-Hoc|iPhone.ActiveCfg = Release|Any CPU
		{4087325C-2A69-44D1-8E43-04F8D0A4A82B}.Ad-Hoc|iPhone.Build.0 = Release|Any CPU
		{4087325C-2A69-44D1-8E43-04F8D0A4A82B}.Ad-Hoc|iPhoneSimulator.ActiveCfg = Release|Any CPU
		{4087325C-2A69-44D1-8E43-04F8D0A4A82B}.Ad-Hoc|iPhoneSimulator.Build.0 = Release|Any CPU
		{4087325C-2A69-44D1-8E43-04F8D0A4A82B}.Ad-Hoc|x64.ActiveCfg = Release|Any CPU
		{4087325C-2A69-44D1-8E43-04F8D0A4A82B}.Ad-Hoc|x64.Build.0 = Release|Any CPU
		{4087325C-2A69-44D1-8E43-04F8D0A4A82B}.Ad-Hoc|x86.ActiveCfg = Release|Any CPU
		{4087325C-2A69-44D1-8E43-04F8D0A4A82B}.Ad-Hoc|x86.Build.0 = Release|Any CPU
		{4087325C-2A69-44D1-8E43-04F8D0A4A82B}.AppStore|Any CPU.ActiveCfg = Release|Any CPU
		{4087325C-2A69-44D1-8E43-04F8D0A4A82B}.AppStore|Any CPU.Build.0 = Release|Any CPU
		{4087325C-2A69-44D1-8E43-04F8D0A4A82B}.AppStore|ARM.ActiveCfg = Release|Any CPU
		{4087325C-2A69-44D1-8E43-04F8D0A4A82B}.AppStore|ARM.Build.0 = Release|Any CPU
		{4087325C-2A69-44D1-8E43-04F8D0A4A82B}.AppStore|iPhone.ActiveCfg = Release|Any CPU
		{4087325C-2A69-44D1-8E43-04F8D0A4A82B}.AppStore|iPhone.Build.0 = Release|Any CPU
		{4087325C-2A69-44D1-8E43-04F8D0A4A82B}.AppStore|iPhoneSimulator.ActiveCfg = Release|Any CPU
		{4087325C-2A69-44D1-8E43-04F8D0A4A82B}.AppStore|iPhoneSimulator.Build.0 = Release|Any CPU
		{4087325C-2A69-44D1-8E43-04F8D0A4A82B}.AppStore|x64.ActiveCfg = Release|Any CPU
		{4087325C-2A69-44D1-8E43-04F8D0A4A82B}.AppStore|x64.Build.0 = Release|Any CPU
		{4087325C-2A69-44D1-8E43-04F8D0A4A82B}.AppStore|x86.ActiveCfg = Release|Any CPU
		{4087325C-2A69-44D1-8E43-04F8D0A4A82B}.AppStore|x86.Build.0 = Release|Any CPU
		{4087325C-2A69-44D1-8E43-04F8D0A4A82B}.Debug|Any CPU.ActiveCfg = Debug|Any CPU
		{4087325C-2A69-44D1-8E43-04F8D0A4A82B}.Debug|Any CPU.Build.0 = Debug|Any CPU
		{4087325C-2A69-44D1-8E43-04F8D0A4A82B}.Debug|ARM.ActiveCfg = Debug|Any CPU
		{4087325C-2A69-44D1-8E43-04F8D0A4A82B}.Debug|ARM.Build.0 = Debug|Any CPU
		{4087325C-2A69-44D1-8E43-04F8D0A4A82B}.Debug|iPhone.ActiveCfg = Debug|Any CPU
		{4087325C-2A69-44D1-8E43-04F8D0A4A82B}.Debug|iPhone.Build.0 = Debug|Any CPU
		{4087325C-2A69-44D1-8E43-04F8D0A4A82B}.Debug|iPhoneSimulator.ActiveCfg = Debug|Any CPU
		{4087325C-2A69-44D1-8E43-04F8D0A4A82B}.Debug|iPhoneSimulator.Build.0 = Debug|Any CPU
		{4087325C-2A69-44D1-8E43-04F8D0A4A82B}.Debug|x64.ActiveCfg = Debug|Any CPU
		{4087325C-2A69-44D1-8E43-04F8D0A4A82B}.Debug|x64.Build.0 = Debug|Any CPU
		{4087325C-2A69-44D1-8E43-04F8D0A4A82B}.Debug|x86.ActiveCfg = Debug|Any CPU
		{4087325C-2A69-44D1-8E43-04F8D0A4A82B}.Debug|x86.Build.0 = Debug|Any CPU
		{4087325C-2A69-44D1-8E43-04F8D0A4A82B}.Production|Any CPU.ActiveCfg = Release|Any CPU
		{4087325C-2A69-44D1-8E43-04F8D0A4A82B}.Production|Any CPU.Build.0 = Release|Any CPU
		{4087325C-2A69-44D1-8E43-04F8D0A4A82B}.Production|ARM.ActiveCfg = Release|Any CPU
		{4087325C-2A69-44D1-8E43-04F8D0A4A82B}.Production|ARM.Build.0 = Release|Any CPU
		{4087325C-2A69-44D1-8E43-04F8D0A4A82B}.Production|iPhone.ActiveCfg = Release|Any CPU
		{4087325C-2A69-44D1-8E43-04F8D0A4A82B}.Production|iPhone.Build.0 = Release|Any CPU
		{4087325C-2A69-44D1-8E43-04F8D0A4A82B}.Production|iPhoneSimulator.ActiveCfg = Release|Any CPU
		{4087325C-2A69-44D1-8E43-04F8D0A4A82B}.Production|iPhoneSimulator.Build.0 = Release|Any CPU
		{4087325C-2A69-44D1-8E43-04F8D0A4A82B}.Production|x64.ActiveCfg = Release|Any CPU
		{4087325C-2A69-44D1-8E43-04F8D0A4A82B}.Production|x64.Build.0 = Release|Any CPU
		{4087325C-2A69-44D1-8E43-04F8D0A4A82B}.Production|x86.ActiveCfg = Release|Any CPU
		{4087325C-2A69-44D1-8E43-04F8D0A4A82B}.Production|x86.Build.0 = Release|Any CPU
		{4087325C-2A69-44D1-8E43-04F8D0A4A82B}.Release|Any CPU.ActiveCfg = Release|Any CPU
		{4087325C-2A69-44D1-8E43-04F8D0A4A82B}.Release|Any CPU.Build.0 = Release|Any CPU
		{4087325C-2A69-44D1-8E43-04F8D0A4A82B}.Release|ARM.ActiveCfg = Release|Any CPU
		{4087325C-2A69-44D1-8E43-04F8D0A4A82B}.Release|ARM.Build.0 = Release|Any CPU
		{4087325C-2A69-44D1-8E43-04F8D0A4A82B}.Release|iPhone.ActiveCfg = Release|Any CPU
		{4087325C-2A69-44D1-8E43-04F8D0A4A82B}.Release|iPhone.Build.0 = Release|Any CPU
		{4087325C-2A69-44D1-8E43-04F8D0A4A82B}.Release|iPhoneSimulator.ActiveCfg = Release|Any CPU
		{4087325C-2A69-44D1-8E43-04F8D0A4A82B}.Release|iPhoneSimulator.Build.0 = Release|Any CPU
		{4087325C-2A69-44D1-8E43-04F8D0A4A82B}.Release|x64.ActiveCfg = Release|Any CPU
		{4087325C-2A69-44D1-8E43-04F8D0A4A82B}.Release|x64.Build.0 = Release|Any CPU
		{4087325C-2A69-44D1-8E43-04F8D0A4A82B}.Release|x86.ActiveCfg = Release|Any CPU
		{4087325C-2A69-44D1-8E43-04F8D0A4A82B}.Release|x86.Build.0 = Release|Any CPU
		{4087325C-2A69-44D1-8E43-04F8D0A4A82B}.Staging|Any CPU.ActiveCfg = Release|Any CPU
		{4087325C-2A69-44D1-8E43-04F8D0A4A82B}.Staging|Any CPU.Build.0 = Release|Any CPU
		{4087325C-2A69-44D1-8E43-04F8D0A4A82B}.Staging|ARM.ActiveCfg = Release|Any CPU
		{4087325C-2A69-44D1-8E43-04F8D0A4A82B}.Staging|ARM.Build.0 = Release|Any CPU
		{4087325C-2A69-44D1-8E43-04F8D0A4A82B}.Staging|iPhone.ActiveCfg = Release|Any CPU
		{4087325C-2A69-44D1-8E43-04F8D0A4A82B}.Staging|iPhone.Build.0 = Release|Any CPU
		{4087325C-2A69-44D1-8E43-04F8D0A4A82B}.Staging|iPhoneSimulator.ActiveCfg = Release|Any CPU
		{4087325C-2A69-44D1-8E43-04F8D0A4A82B}.Staging|iPhoneSimulator.Build.0 = Release|Any CPU
		{4087325C-2A69-44D1-8E43-04F8D0A4A82B}.Staging|x64.ActiveCfg = Release|Any CPU
		{4087325C-2A69-44D1-8E43-04F8D0A4A82B}.Staging|x64.Build.0 = Release|Any CPU
		{4087325C-2A69-44D1-8E43-04F8D0A4A82B}.Staging|x86.ActiveCfg = Release|Any CPU
		{4087325C-2A69-44D1-8E43-04F8D0A4A82B}.Staging|x86.Build.0 = Release|Any CPU
	EndGlobalSection
	GlobalSection(SolutionProperties) = preSolution
		HideSolutionNode = FALSE
	EndGlobalSection
EndGlobal
